// !$*UTF8*$!
{
	archiveVersion = 1;
	classes = {
	};
	objectVersion = 77;
	objects = {

/* Begin PBXBuildFile section */
		823497CA2EEB1FAA00F82871 /* AppDelegate.swift in Sources */ = {isa = PBXBuildFile; fileRef = 823497C02EEB1FAA00F82871 /* AppDelegate.swift */; };
		823497CB2EEB1FAA00F82871 /* GameScene.swift in Sources */ = {isa = PBXBuildFile; fileRef = 823497C32EEB1FAA00F82871 /* GameScene.swift */; };
		823497CC2EEB1FAA00F82871 /* GameViewController.swift in Sources */ = {isa = PBXBuildFile; fileRef = 823497C42EEB1FAA00F82871 /* GameViewController.swift */; };
		823497CE2EEB1FAA00F82871 /* Assets.xcassets in Resources */ = {isa = PBXBuildFile; fileRef = 823497C12EEB1FAA00F82871 /* Assets.xcassets */; };
		823497CF2EEB1FAA00F82871 /* GameScene.sks in Resources */ = {isa = PBXBuildFile; fileRef = 823497C22EEB1FAA00F82871 /* GameScene.sks */; };
		823497D02EEB1FAA00F82871 /* LaunchScreen.storyboard in Resources */ = {isa = PBXBuildFile; fileRef = 823497C62EEB1FAA00F82871 /* LaunchScreen.storyboard */; };
		823497D12EEB1FAA00F82871 /* Main.storyboard in Resources */ = {isa = PBXBuildFile; fileRef = 823497C82EEB1FAA00F82871 /* Main.storyboard */; };
		823497EC2EEB590C00F82871 /* LvlBuilderModel.swift in Sources */ = {isa = PBXBuildFile; fileRef = 823497EB2EEB590B00F82871 /* LvlBuilderModel.swift */; };
		823497F02EEB5A4900F82871 /* Difficulty.swift in Sources */ = {isa = PBXBuildFile; fileRef = 823497EF2EEB5A4900F82871 /* Difficulty.swift */; };
		823497F22EEB5AB400F82871 /* GameDurationType.swift in Sources */ = {isa = PBXBuildFile; fileRef = 823497F12EEB5AB400F82871 /* GameDurationType.swift */; };
		823497F52EEB5C0200F82871 /* LevelManager.swift in Sources */ = {isa = PBXBuildFile; fileRef = 823497F42EEB5C0200F82871 /* LevelManager.swift */; };
		823497F72EEB5DBA00F82871 /* EnemyType.swift in Sources */ = {isa = PBXBuildFile; fileRef = 823497F62EEB5DBA00F82871 /* EnemyType.swift */; };
		823497FB2EEB661900F82871 /* WeaponType.swift in Sources */ = {isa = PBXBuildFile; fileRef = 823497FA2EEB661900F82871 /* WeaponType.swift */; };
		823497FE2EEB67D300F82871 /* LevelModel.swift in Sources */ = {isa = PBXBuildFile; fileRef = 823497FD2EEB67D200F82871 /* LevelModel.swift */; };
		823498022EEB6B8B00F82871 /* EnemyNode.swift in Sources */ = {isa = PBXBuildFile; fileRef = 823498012EEB6B8B00F82871 /* EnemyNode.swift */; };
		823498082EEB729500F82871 /* PhysicsCategory.swift in Sources */ = {isa = PBXBuildFile; fileRef = 823498072EEB729500F82871 /* PhysicsCategory.swift */; };
		8234980A2EEB739F00F82871 /* WeaponNode.swift in Sources */ = {isa = PBXBuildFile; fileRef = 823498092EEB739F00F82871 /* WeaponNode.swift */; };
		8234980C2EEB77B900F82871 /* BulletNode.swift in Sources */ = {isa = PBXBuildFile; fileRef = 8234980B2EEB77B900F82871 /* BulletNode.swift */; };
		8260E23D2EED37BF002E29C0 /* LevelListSuperViewController.swift in Sources */ = {isa = PBXBuildFile; fileRef = 8260E23C2EED37BF002E29C0 /* LevelListSuperViewController.swift */; };
		8260E23F2EED381A002E29C0 /* LevelsPageViewController.swift in Sources */ = {isa = PBXBuildFile; fileRef = 8260E23E2EED3819002E29C0 /* LevelsPageViewController.swift */; };
		8260E2412EED383E002E29C0 /* LevelViewController.swift in Sources */ = {isa = PBXBuildFile; fileRef = 8260E2402EED383E002E29C0 /* LevelViewController.swift */; };
		8260E24E2EED43C5002E29C0 /* LevelsListBuilderModel.swift in Sources */ = {isa = PBXBuildFile; fileRef = 8260E24D2EED43C5002E29C0 /* LevelsListBuilderModel.swift */; };
		8260E26E2EEDB53A002E29C0 /* LevelDescriptionViewController.swift in Sources */ = {isa = PBXBuildFile; fileRef = 8260E26D2EEDB53A002E29C0 /* LevelDescriptionViewController.swift */; };
		8260E2702EEDB54A002E29C0 /* UpgradeWeaponViewController.swift in Sources */ = {isa = PBXBuildFile; fileRef = 8260E26F2EEDB54A002E29C0 /* UpgradeWeaponViewController.swift */; };
		8260E2722EEDB5BD002E29C0 /* DifficultyViewController.swift in Sources */ = {isa = PBXBuildFile; fileRef = 8260E2712EEDB5BD002E29C0 /* DifficultyViewController.swift */; };
		8260E27E2EEE5039002E29C0 /* TableDataModel.swift in Sources */ = {isa = PBXBuildFile; fileRef = 8260E27D2EEE5039002E29C0 /* TableDataModel.swift */; };
		8260E2812EEE50BD002E29C0 /* TableDataCell.swift in Sources */ = {isa = PBXBuildFile; fileRef = 8260E27F2EEE50BD002E29C0 /* TableDataCell.swift */; };
		8260E2822EEE50BD002E29C0 /* TableDataCell.xib in Resources */ = {isa = PBXBuildFile; fileRef = 8260E2802EEE50BD002E29C0 /* TableDataCell.xib */; };
		826A32BA2EECEA6C001D25B7 /* AlertView.swift in Sources */ = {isa = PBXBuildFile; fileRef = 826A32B92EECEA6C001D25B7 /* AlertView.swift */; };
		826A32BD2EECEA80001D25B7 /* AlertView.xib in Resources */ = {isa = PBXBuildFile; fileRef = 826A32BC2EECEA80001D25B7 /* AlertView.xib */; };
		826A32BF2EECEB01001D25B7 /* ButtonModel.swift in Sources */ = {isa = PBXBuildFile; fileRef = 826A32BE2EECEB01001D25B7 /* ButtonModel.swift */; };
		826A32C12EECEB0E001D25B7 /* MessageModel.swift in Sources */ = {isa = PBXBuildFile; fileRef = 826A32C02EECEB0E001D25B7 /* MessageModel.swift */; };
		826A32C72EED05BF001D25B7 /* UIView.swift in Sources */ = {isa = PBXBuildFile; fileRef = 826A32C62EED05BF001D25B7 /* UIView.swift */; };
		82C637B12EEE57350064F917 /* BuyCoinsViewController.swift in Sources */ = {isa = PBXBuildFile; fileRef = 82C637B02EEE57350064F917 /* BuyCoinsViewController.swift */; };
		82C637BE2EEF40100064F917 /* WeaponUpgradeType.swift in Sources */ = {isa = PBXBuildFile; fileRef = 82C637BD2EEF40100064F917 /* WeaponUpgradeType.swift */; };
		82C637C02EEF41420064F917 /* UserBalanceCell.swift in Sources */ = {isa = PBXBuildFile; fileRef = 82C637BF2EEF41420064F917 /* UserBalanceCell.swift */; };
		82C637C52EEF41920064F917 /* WeaponBuyCell.swift in Sources */ = {isa = PBXBuildFile; fileRef = 82C637C42EEF41920064F917 /* WeaponBuyCell.swift */; };
		82C637C72EEF41A10064F917 /* UpgradeWeaponCell.swift in Sources */ = {isa = PBXBuildFile; fileRef = 82C637C62EEF41A10064F917 /* UpgradeWeaponCell.swift */; };
		82C637C92EEF41AF0064F917 /* WeaponTypeCell.swift in Sources */ = {isa = PBXBuildFile; fileRef = 82C637C82EEF41AF0064F917 /* WeaponTypeCell.swift */; };
		82C637CB2EEF4A2D0064F917 /* DataBaseModel.swift in Sources */ = {isa = PBXBuildFile; fileRef = 82C637CA2EEF4A2D0064F917 /* DataBaseModel.swift */; };
		82C637D72EEF4B6C0064F917 /* KeychainService.swift in Sources */ = {isa = PBXBuildFile; fileRef = 82C637D62EEF4B6C0064F917 /* KeychainService.swift */; };
		82C637D92EEF4B980064F917 /* Keys.swift in Sources */ = {isa = PBXBuildFile; fileRef = 82C637D82EEF4B980064F917 /* Keys.swift */; };
		82C637DB2EEF4C360064F917 /* DataBaseService.swift in Sources */ = {isa = PBXBuildFile; fileRef = 82C637DA2EEF4C360064F917 /* DataBaseService.swift */; };
/* End PBXBuildFile section */

/* Begin PBXFileReference section */
		823497A52EEB1F9000F82871 /* Commander.app */ = {isa = PBXFileReference; explicitFileType = wrapper.application; includeInIndex = 0; path = Commander.app; sourceTree = BUILT_PRODUCTS_DIR; };
		823497C02EEB1FAA00F82871 /* AppDelegate.swift */ = {isa = PBXFileReference; lastKnownFileType = sourcecode.swift; path = AppDelegate.swift; sourceTree = "<group>"; };
		823497C12EEB1FAA00F82871 /* Assets.xcassets */ = {isa = PBXFileReference; lastKnownFileType = folder.assetcatalog; path = Assets.xcassets; sourceTree = "<group>"; };
		823497C22EEB1FAA00F82871 /* GameScene.sks */ = {isa = PBXFileReference; lastKnownFileType = file.sks; path = GameScene.sks; sourceTree = "<group>"; };
		823497C32EEB1FAA00F82871 /* GameScene.swift */ = {isa = PBXFileReference; lastKnownFileType = sourcecode.swift; path = GameScene.swift; sourceTree = "<group>"; };
		823497C42EEB1FAA00F82871 /* GameViewController.swift */ = {isa = PBXFileReference; lastKnownFileType = sourcecode.swift; path = GameViewController.swift; sourceTree = "<group>"; };
		823497C52EEB1FAA00F82871 /* Base */ = {isa = PBXFileReference; lastKnownFileType = file.storyboard; name = Base; path = Base.lproj/LaunchScreen.storyboard; sourceTree = "<group>"; };
		823497C72EEB1FAA00F82871 /* Base */ = {isa = PBXFileReference; lastKnownFileType = file.storyboard; name = Base; path = Base.lproj/Main.storyboard; sourceTree = "<group>"; };
		823497D22EEB210E00F82871 /* Info.plist */ = {isa = PBXFileReference; lastKnownFileType = text.plist; path = Info.plist; sourceTree = "<group>"; };
		823497EB2EEB590B00F82871 /* LvlBuilderModel.swift */ = {isa = PBXFileReference; lastKnownFileType = sourcecode.swift; path = LvlBuilderModel.swift; sourceTree = "<group>"; };
		823497EF2EEB5A4900F82871 /* Difficulty.swift */ = {isa = PBXFileReference; lastKnownFileType = sourcecode.swift; path = Difficulty.swift; sourceTree = "<group>"; };
		823497F12EEB5AB400F82871 /* GameDurationType.swift */ = {isa = PBXFileReference; lastKnownFileType = sourcecode.swift; path = GameDurationType.swift; sourceTree = "<group>"; };
		823497F42EEB5C0200F82871 /* LevelManager.swift */ = {isa = PBXFileReference; lastKnownFileType = sourcecode.swift; path = LevelManager.swift; sourceTree = "<group>"; };
		823497F62EEB5DBA00F82871 /* EnemyType.swift */ = {isa = PBXFileReference; lastKnownFileType = sourcecode.swift; path = EnemyType.swift; sourceTree = "<group>"; };
		823497FA2EEB661900F82871 /* WeaponType.swift */ = {isa = PBXFileReference; lastKnownFileType = sourcecode.swift; path = WeaponType.swift; sourceTree = "<group>"; };
		823497FD2EEB67D200F82871 /* LevelModel.swift */ = {isa = PBXFileReference; lastKnownFileType = sourcecode.swift; path = LevelModel.swift; sourceTree = "<group>"; };
		823498012EEB6B8B00F82871 /* EnemyNode.swift */ = {isa = PBXFileReference; lastKnownFileType = sourcecode.swift; path = EnemyNode.swift; sourceTree = "<group>"; };
		823498072EEB729500F82871 /* PhysicsCategory.swift */ = {isa = PBXFileReference; lastKnownFileType = sourcecode.swift; path = PhysicsCategory.swift; sourceTree = "<group>"; };
		823498092EEB739F00F82871 /* WeaponNode.swift */ = {isa = PBXFileReference; lastKnownFileType = sourcecode.swift; path = WeaponNode.swift; sourceTree = "<group>"; };
		8234980B2EEB77B900F82871 /* BulletNode.swift */ = {isa = PBXFileReference; lastKnownFileType = sourcecode.swift; path = BulletNode.swift; sourceTree = "<group>"; };
		8260E23C2EED37BF002E29C0 /* LevelListSuperViewController.swift */ = {isa = PBXFileReference; lastKnownFileType = sourcecode.swift; path = LevelListSuperViewController.swift; sourceTree = "<group>"; };
		8260E23E2EED3819002E29C0 /* LevelsPageViewController.swift */ = {isa = PBXFileReference; lastKnownFileType = sourcecode.swift; path = LevelsPageViewController.swift; sourceTree = "<group>"; };
		8260E2402EED383E002E29C0 /* LevelViewController.swift */ = {isa = PBXFileReference; lastKnownFileType = sourcecode.swift; path = LevelViewController.swift; sourceTree = "<group>"; };
		8260E24D2EED43C5002E29C0 /* LevelsListBuilderModel.swift */ = {isa = PBXFileReference; lastKnownFileType = sourcecode.swift; path = LevelsListBuilderModel.swift; sourceTree = "<group>"; };
		8260E26D2EEDB53A002E29C0 /* LevelDescriptionViewController.swift */ = {isa = PBXFileReference; lastKnownFileType = sourcecode.swift; path = LevelDescriptionViewController.swift; sourceTree = "<group>"; };
		8260E26F2EEDB54A002E29C0 /* UpgradeWeaponViewController.swift */ = {isa = PBXFileReference; lastKnownFileType = sourcecode.swift; path = UpgradeWeaponViewController.swift; sourceTree = "<group>"; };
		8260E2712EEDB5BD002E29C0 /* DifficultyViewController.swift */ = {isa = PBXFileReference; lastKnownFileType = sourcecode.swift; path = DifficultyViewController.swift; sourceTree = "<group>"; };
		8260E27D2EEE5039002E29C0 /* TableDataModel.swift */ = {isa = PBXFileReference; lastKnownFileType = sourcecode.swift; path = TableDataModel.swift; sourceTree = "<group>"; };
		8260E27F2EEE50BD002E29C0 /* TableDataCell.swift */ = {isa = PBXFileReference; lastKnownFileType = sourcecode.swift; path = TableDataCell.swift; sourceTree = "<group>"; };
		8260E2802EEE50BD002E29C0 /* TableDataCell.xib */ = {isa = PBXFileReference; lastKnownFileType = file.xib; path = TableDataCell.xib; sourceTree = "<group>"; };
		826A32B92EECEA6C001D25B7 /* AlertView.swift */ = {isa = PBXFileReference; lastKnownFileType = sourcecode.swift; path = AlertView.swift; sourceTree = "<group>"; };
		826A32BC2EECEA80001D25B7 /* AlertView.xib */ = {isa = PBXFileReference; lastKnownFileType = file.xib; path = AlertView.xib; sourceTree = "<group>"; };
		826A32BE2EECEB01001D25B7 /* ButtonModel.swift */ = {isa = PBXFileReference; lastKnownFileType = sourcecode.swift; path = ButtonModel.swift; sourceTree = "<group>"; };
		826A32C02EECEB0E001D25B7 /* MessageModel.swift */ = {isa = PBXFileReference; lastKnownFileType = sourcecode.swift; path = MessageModel.swift; sourceTree = "<group>"; };
		826A32C62EED05BF001D25B7 /* UIView.swift */ = {isa = PBXFileReference; lastKnownFileType = sourcecode.swift; path = UIView.swift; sourceTree = "<group>"; };
		82C637B02EEE57350064F917 /* BuyCoinsViewController.swift */ = {isa = PBXFileReference; lastKnownFileType = sourcecode.swift; path = BuyCoinsViewController.swift; sourceTree = "<group>"; };
		82C637BD2EEF40100064F917 /* WeaponUpgradeType.swift */ = {isa = PBXFileReference; lastKnownFileType = sourcecode.swift; path = WeaponUpgradeType.swift; sourceTree = "<group>"; };
		82C637BF2EEF41420064F917 /* UserBalanceCell.swift */ = {isa = PBXFileReference; lastKnownFileType = sourcecode.swift; path = UserBalanceCell.swift; sourceTree = "<group>"; };
		82C637C42EEF41920064F917 /* WeaponBuyCell.swift */ = {isa = PBXFileReference; lastKnownFileType = sourcecode.swift; path = WeaponBuyCell.swift; sourceTree = "<group>"; };
		82C637C62EEF41A10064F917 /* UpgradeWeaponCell.swift */ = {isa = PBXFileReference; lastKnownFileType = sourcecode.swift; path = UpgradeWeaponCell.swift; sourceTree = "<group>"; };
		82C637C82EEF41AF0064F917 /* WeaponTypeCell.swift */ = {isa = PBXFileReference; lastKnownFileType = sourcecode.swift; path = WeaponTypeCell.swift; sourceTree = "<group>"; };
		82C637CA2EEF4A2D0064F917 /* DataBaseModel.swift */ = {isa = PBXFileReference; lastKnownFileType = sourcecode.swift; path = DataBaseModel.swift; sourceTree = "<group>"; };
		82C637D62EEF4B6C0064F917 /* KeychainService.swift */ = {isa = PBXFileReference; lastKnownFileType = sourcecode.swift; path = KeychainService.swift; sourceTree = "<group>"; };
		82C637D82EEF4B980064F917 /* Keys.swift */ = {isa = PBXFileReference; lastKnownFileType = sourcecode.swift; path = Keys.swift; sourceTree = "<group>"; };
		82C637DA2EEF4C360064F917 /* DataBaseService.swift */ = {isa = PBXFileReference; lastKnownFileType = sourcecode.swift; path = DataBaseService.swift; sourceTree = "<group>"; };
/* End PBXFileReference section */

/* Begin PBXFrameworksBuildPhase section */
		823497A22EEB1F9000F82871 /* Frameworks */ = {
			isa = PBXFrameworksBuildPhase;
			buildActionMask = 2147483647;
			files = (
			);
			runOnlyForDeploymentPostprocessing = 0;
		};
/* End PBXFrameworksBuildPhase section */

/* Begin PBXGroup section */
		8234979C2EEB1F9000F82871 = {
			isa = PBXGroup;
			children = (
				823497C92EEB1FAA00F82871 /* Commander */,
				823497A62EEB1F9000F82871 /* Products */,
			);
			sourceTree = "<group>";
		};
		823497A62EEB1F9000F82871 /* Products */ = {
			isa = PBXGroup;
			children = (
				823497A52EEB1F9000F82871 /* Commander.app */,
			);
			name = Products;
			sourceTree = "<group>";
		};
		823497C92EEB1FAA00F82871 /* Commander */ = {
			isa = PBXGroup;
			children = (
				823497D22EEB210E00F82871 /* Info.plist */,
				823497C02EEB1FAA00F82871 /* AppDelegate.swift */,
				823497C12EEB1FAA00F82871 /* Assets.xcassets */,
				823497C22EEB1FAA00F82871 /* GameScene.sks */,
				823497F42EEB5C0200F82871 /* LevelManager.swift */,
				823498072EEB729500F82871 /* PhysicsCategory.swift */,
				82C637D82EEF4B980064F917 /* Keys.swift */,
				82C637DC2EEF4E090064F917 /* Service */,
				823497FC2EEB664D00F82871 /* DataModel */,
				823498042EEB6F9700F82871 /* Scene */,
				823498032EEB6F8400F82871 /* Node */,
				823498052EEB6FBD00F82871 /* ViewController */,
				826A32B52EECEA28001D25B7 /* ComponentView */,
				823497C62EEB1FAA00F82871 /* LaunchScreen.storyboard */,
				823498062EEB6FCA00F82871 /* View */,
				826A32C82EED05C6001D25B7 /* Extensions */,
			);
			path = Commander;
			sourceTree = "<group>";
		};
		823497F32EEB5AC800F82871 /* Game */ = {
			isa = PBXGroup;
			children = (
				823497EB2EEB590B00F82871 /* LvlBuilderModel.swift */,
				8260E24D2EED43C5002E29C0 /* LevelsListBuilderModel.swift */,
				823497FD2EEB67D200F82871 /* LevelModel.swift */,
				823497FA2EEB661900F82871 /* WeaponType.swift */,
				82C637BD2EEF40100064F917 /* WeaponUpgradeType.swift */,
				823497EF2EEB5A4900F82871 /* Difficulty.swift */,
				823497F62EEB5DBA00F82871 /* EnemyType.swift */,
				823497F12EEB5AB400F82871 /* GameDurationType.swift */,
			);
			path = Game;
			sourceTree = "<group>";
		};
		823497FC2EEB664D00F82871 /* DataModel */ = {
			isa = PBXGroup;
			children = (
				826A32BE2EECEB01001D25B7 /* ButtonModel.swift */,
				826A32C02EECEB0E001D25B7 /* MessageModel.swift */,
				8260E27D2EEE5039002E29C0 /* TableDataModel.swift */,
				82C637CA2EEF4A2D0064F917 /* DataBaseModel.swift */,
				823497F32EEB5AC800F82871 /* Game */,
			);
			path = DataModel;
			sourceTree = "<group>";
		};
		823498032EEB6F8400F82871 /* Node */ = {
			isa = PBXGroup;
			children = (
				823498012EEB6B8B00F82871 /* EnemyNode.swift */,
				823498092EEB739F00F82871 /* WeaponNode.swift */,
				8234980B2EEB77B900F82871 /* BulletNode.swift */,
			);
			path = Node;
			sourceTree = "<group>";
		};
		823498042EEB6F9700F82871 /* Scene */ = {
			isa = PBXGroup;
			children = (
				823497C32EEB1FAA00F82871 /* GameScene.swift */,
			);
			path = Scene;
			sourceTree = "<group>";
		};
		823498052EEB6FBD00F82871 /* ViewController */ = {
			isa = PBXGroup;
			children = (
				8260E2422EED3846002E29C0 /* LevelsViewController */,
				826A32C42EED0594001D25B7 /* GameViewController */,
			);
			path = ViewController;
			sourceTree = "<group>";
		};
		823498062EEB6FCA00F82871 /* View */ = {
			isa = PBXGroup;
			children = (
				823497C82EEB1FAA00F82871 /* Main.storyboard */,
			);
			path = View;
			sourceTree = "<group>";
		};
		8260E2422EED3846002E29C0 /* LevelsViewController */ = {
			isa = PBXGroup;
			children = (
				8260E23C2EED37BF002E29C0 /* LevelListSuperViewController.swift */,
				8260E23E2EED3819002E29C0 /* LevelsPageViewController.swift */,
				8260E2402EED383E002E29C0 /* LevelViewController.swift */,
				8260E2712EEDB5BD002E29C0 /* DifficultyViewController.swift */,
				8260E26D2EEDB53A002E29C0 /* LevelDescriptionViewController.swift */,
				82C637BC2EEF3FF30064F917 /* UpgradeWeaponViewController */,
				82C637B02EEE57350064F917 /* BuyCoinsViewController.swift */,
			);
			path = LevelsViewController;
			sourceTree = "<group>";
		};
		8260E2832EEE50C7002E29C0 /* TableDataCell */ = {
			isa = PBXGroup;
			children = (
				8260E27F2EEE50BD002E29C0 /* TableDataCell.swift */,
				8260E2802EEE50BD002E29C0 /* TableDataCell.xib */,
			);
			path = TableDataCell;
			sourceTree = "<group>";
		};
		826A32B52EECEA28001D25B7 /* ComponentView */ = {
			isa = PBXGroup;
			children = (
				8260E2832EEE50C7002E29C0 /* TableDataCell */,
				826A32BB2EECEA70001D25B7 /* AlertView */,
			);
			path = ComponentView;
			sourceTree = "<group>";
		};
		826A32BB2EECEA70001D25B7 /* AlertView */ = {
			isa = PBXGroup;
			children = (
				826A32B92EECEA6C001D25B7 /* AlertView.swift */,
				826A32BC2EECEA80001D25B7 /* AlertView.xib */,
			);
			path = AlertView;
			sourceTree = "<group>";
		};
		826A32C42EED0594001D25B7 /* GameViewController */ = {
			isa = PBXGroup;
			children = (
				823497C42EEB1FAA00F82871 /* GameViewController.swift */,
			);
			path = GameViewController;
			sourceTree = "<group>";
		};
		826A32C82EED05C6001D25B7 /* Extensions */ = {
			isa = PBXGroup;
			children = (
				826A32C62EED05BF001D25B7 /* UIView.swift */,
			);
			path = Extensions;
			sourceTree = "<group>";
		};
		82C637BC2EEF3FF30064F917 /* UpgradeWeaponViewController */ = {
			isa = PBXGroup;
			children = (
				8260E26F2EEDB54A002E29C0 /* UpgradeWeaponViewController.swift */,
				82C637C32EEF41560064F917 /* Cell */,
			);
			path = UpgradeWeaponViewController;
			sourceTree = "<group>";
		};
		82C637C32EEF41560064F917 /* Cell */ = {
			isa = PBXGroup;
			children = (
				82C637BF2EEF41420064F917 /* UserBalanceCell.swift */,
				82C637C62EEF41A10064F917 /* UpgradeWeaponCell.swift */,
				82C637C82EEF41AF0064F917 /* WeaponTypeCell.swift */,
				82C637C42EEF41920064F917 /* WeaponBuyCell.swift */,
			);
			path = Cell;
			sourceTree = "<group>";
		};
		82C637DC2EEF4E090064F917 /* Service */ = {
			isa = PBXGroup;
			children = (
				82C637D62EEF4B6C0064F917 /* KeychainService.swift */,
				82C637DA2EEF4C360064F917 /* DataBaseService.swift */,
			);
			path = Service;
			sourceTree = "<group>";
		};
/* End PBXGroup section */

/* Begin PBXNativeTarget section */
		823497A42EEB1F9000F82871 /* Commander */ = {
			isa = PBXNativeTarget;
			buildConfigurationList = 823497BC2EEB1F9100F82871 /* Build configuration list for PBXNativeTarget "Commander" */;
			buildPhases = (
				823497A12EEB1F9000F82871 /* Sources */,
				823497A22EEB1F9000F82871 /* Frameworks */,
				823497A32EEB1F9000F82871 /* Resources */,
			);
			buildRules = (
			);
			dependencies = (
			);
			name = Commander;
			packageProductDependencies = (
			);
			productName = Commander;
			productReference = 823497A52EEB1F9000F82871 /* Commander.app */;
			productType = "com.apple.product-type.application";
		};
/* End PBXNativeTarget section */

/* Begin PBXProject section */
		8234979D2EEB1F9000F82871 /* Project object */ = {
			isa = PBXProject;
			attributes = {
				BuildIndependentTargetsInParallel = 1;
				LastSwiftUpdateCheck = 2600;
				LastUpgradeCheck = 2600;
				TargetAttributes = {
					823497A42EEB1F9000F82871 = {
						CreatedOnToolsVersion = 26.0;
					};
				};
			};
			buildConfigurationList = 823497A02EEB1F9000F82871 /* Build configuration list for PBXProject "Commander" */;
			developmentRegion = en;
			hasScannedForEncodings = 0;
			knownRegions = (
				en,
				Base,
			);
			mainGroup = 8234979C2EEB1F9000F82871;
			minimizedProjectReferenceProxies = 1;
			preferredProjectObjectVersion = 77;
			productRefGroup = 823497A62EEB1F9000F82871 /* Products */;
			projectDirPath = "";
			projectRoot = "";
			targets = (
				823497A42EEB1F9000F82871 /* Commander */,
			);
		};
/* End PBXProject section */

/* Begin PBXResourcesBuildPhase section */
		823497A32EEB1F9000F82871 /* Resources */ = {
			isa = PBXResourcesBuildPhase;
			buildActionMask = 2147483647;
			files = (
				823497CE2EEB1FAA00F82871 /* Assets.xcassets in Resources */,
				823497CF2EEB1FAA00F82871 /* GameScene.sks in Resources */,
				8260E2822EEE50BD002E29C0 /* TableDataCell.xib in Resources */,
				826A32BD2EECEA80001D25B7 /* AlertView.xib in Resources */,
				823497D02EEB1FAA00F82871 /* LaunchScreen.storyboard in Resources */,
				823497D12EEB1FAA00F82871 /* Main.storyboard in Resources */,
			);
			runOnlyForDeploymentPostprocessing = 0;
		};
/* End PBXResourcesBuildPhase section */

/* Begin PBXSourcesBuildPhase section */
		823497A12EEB1F9000F82871 /* Sources */ = {
			isa = PBXSourcesBuildPhase;
			buildActionMask = 2147483647;
			files = (
				823497FE2EEB67D300F82871 /* LevelModel.swift in Sources */,
				8260E2722EEDB5BD002E29C0 /* DifficultyViewController.swift in Sources */,
				823497EC2EEB590C00F82871 /* LvlBuilderModel.swift in Sources */,
				8260E26E2EEDB53A002E29C0 /* LevelDescriptionViewController.swift in Sources */,
				82C637C72EEF41A10064F917 /* UpgradeWeaponCell.swift in Sources */,
				823497FB2EEB661900F82871 /* WeaponType.swift in Sources */,
				82C637C52EEF41920064F917 /* WeaponBuyCell.swift in Sources */,
				82C637DB2EEF4C360064F917 /* DataBaseService.swift in Sources */,
				823498022EEB6B8B00F82871 /* EnemyNode.swift in Sources */,
				823497CA2EEB1FAA00F82871 /* AppDelegate.swift in Sources */,
				826A32BF2EECEB01001D25B7 /* ButtonModel.swift in Sources */,
				823497F72EEB5DBA00F82871 /* EnemyType.swift in Sources */,
				8260E2702EEDB54A002E29C0 /* UpgradeWeaponViewController.swift in Sources */,
				823497F02EEB5A4900F82871 /* Difficulty.swift in Sources */,
				8234980C2EEB77B900F82871 /* BulletNode.swift in Sources */,
				8260E2812EEE50BD002E29C0 /* TableDataCell.swift in Sources */,
				8260E23D2EED37BF002E29C0 /* LevelListSuperViewController.swift in Sources */,
				8260E24E2EED43C5002E29C0 /* LevelsListBuilderModel.swift in Sources */,
				8260E27E2EEE5039002E29C0 /* TableDataModel.swift in Sources */,
				82C637D72EEF4B6C0064F917 /* KeychainService.swift in Sources */,
				823497CB2EEB1FAA00F82871 /* GameScene.swift in Sources */,
				8260E2412EED383E002E29C0 /* LevelViewController.swift in Sources */,
				82C637BE2EEF40100064F917 /* WeaponUpgradeType.swift in Sources */,
				826A32C12EECEB0E001D25B7 /* MessageModel.swift in Sources */,
				82C637C92EEF41AF0064F917 /* WeaponTypeCell.swift in Sources */,
				8260E23F2EED381A002E29C0 /* LevelsPageViewController.swift in Sources */,
				82C637D92EEF4B980064F917 /* Keys.swift in Sources */,
				82C637CB2EEF4A2D0064F917 /* DataBaseModel.swift in Sources */,
				823497F52EEB5C0200F82871 /* LevelManager.swift in Sources */,
				826A32C72EED05BF001D25B7 /* UIView.swift in Sources */,
				82C637C02EEF41420064F917 /* UserBalanceCell.swift in Sources */,
				82C637B12EEE57350064F917 /* BuyCoinsViewController.swift in Sources */,
				823498082EEB729500F82871 /* PhysicsCategory.swift in Sources */,
				823497F22EEB5AB400F82871 /* GameDurationType.swift in Sources */,
				8234980A2EEB739F00F82871 /* WeaponNode.swift in Sources */,
				823497CC2EEB1FAA00F82871 /* GameViewController.swift in Sources */,
				826A32BA2EECEA6C001D25B7 /* AlertView.swift in Sources */,
			);
			runOnlyForDeploymentPostprocessing = 0;
		};
/* End PBXSourcesBuildPhase section */

/* Begin PBXVariantGroup section */
		823497C62EEB1FAA00F82871 /* LaunchScreen.storyboard */ = {
			isa = PBXVariantGroup;
			children = (
				823497C52EEB1FAA00F82871 /* Base */,
			);
			name = LaunchScreen.storyboard;
			sourceTree = "<group>";
		};
		823497C82EEB1FAA00F82871 /* Main.storyboard */ = {
			isa = PBXVariantGroup;
			children = (
				823497C72EEB1FAA00F82871 /* Base */,
			);
			name = Main.storyboard;
			sourceTree = "<group>";
		};
/* End PBXVariantGroup section */

/* Begin XCBuildConfiguration section */
		823497BA2EEB1F9100F82871 /* Debug */ = {
			isa = XCBuildConfiguration;
			buildSettings = {
				ALWAYS_SEARCH_USER_PATHS = NO;
				ASSETCATALOG_COMPILER_GENERATE_SWIFT_ASSET_SYMBOL_EXTENSIONS = YES;
				CLANG_ANALYZER_NONNULL = YES;
				CLANG_ANALYZER_NUMBER_OBJECT_CONVERSION = YES_AGGRESSIVE;
				CLANG_CXX_LANGUAGE_STANDARD = "gnu++20";
				CLANG_ENABLE_MODULES = YES;
				CLANG_ENABLE_OBJC_ARC = YES;
				CLANG_ENABLE_OBJC_WEAK = YES;
				CLANG_WARN_BLOCK_CAPTURE_AUTORELEASING = YES;
				CLANG_WARN_BOOL_CONVERSION = YES;
				CLANG_WARN_COMMA = YES;
				CLANG_WARN_CONSTANT_CONVERSION = YES;
				CLANG_WARN_DEPRECATED_OBJC_IMPLEMENTATIONS = YES;
				CLANG_WARN_DIRECT_OBJC_ISA_USAGE = YES_ERROR;
				CLANG_WARN_DOCUMENTATION_COMMENTS = YES;
				CLANG_WARN_EMPTY_BODY = YES;
				CLANG_WARN_ENUM_CONVERSION = YES;
				CLANG_WARN_INFINITE_RECURSION = YES;
				CLANG_WARN_INT_CONVERSION = YES;
				CLANG_WARN_NON_LITERAL_NULL_CONVERSION = YES;
				CLANG_WARN_OBJC_IMPLICIT_RETAIN_SELF = YES;
				CLANG_WARN_OBJC_LITERAL_CONVERSION = YES;
				CLANG_WARN_OBJC_ROOT_CLASS = YES_ERROR;
				CLANG_WARN_QUOTED_INCLUDE_IN_FRAMEWORK_HEADER = YES;
				CLANG_WARN_RANGE_LOOP_ANALYSIS = YES;
				CLANG_WARN_STRICT_PROTOTYPES = YES;
				CLANG_WARN_SUSPICIOUS_MOVE = YES;
				CLANG_WARN_UNGUARDED_AVAILABILITY = YES_AGGRESSIVE;
				CLANG_WARN_UNREACHABLE_CODE = YES;
				CLANG_WARN__DUPLICATE_METHOD_MATCH = YES;
				COPY_PHASE_STRIP = NO;
				DEBUG_INFORMATION_FORMAT = dwarf;
				DEVELOPMENT_TEAM = FQA2XH9ZUM;
				ENABLE_STRICT_OBJC_MSGSEND = YES;
				ENABLE_TESTABILITY = YES;
				ENABLE_USER_SCRIPT_SANDBOXING = YES;
				GCC_C_LANGUAGE_STANDARD = gnu17;
				GCC_DYNAMIC_NO_PIC = NO;
				GCC_NO_COMMON_BLOCKS = YES;
				GCC_OPTIMIZATION_LEVEL = 0;
				GCC_PREPROCESSOR_DEFINITIONS = (
					"DEBUG=1",
					"$(inherited)",
				);
				GCC_WARN_64_TO_32_BIT_CONVERSION = YES;
				GCC_WARN_ABOUT_RETURN_TYPE = YES_ERROR;
				GCC_WARN_UNDECLARED_SELECTOR = YES;
				GCC_WARN_UNINITIALIZED_AUTOS = YES_AGGRESSIVE;
				GCC_WARN_UNUSED_FUNCTION = YES;
				GCC_WARN_UNUSED_VARIABLE = YES;
				IPHONEOS_DEPLOYMENT_TARGET = 26.0;
				LOCALIZATION_PREFERS_STRING_CATALOGS = YES;
				MTL_ENABLE_DEBUG_INFO = INCLUDE_SOURCE;
				MTL_FAST_MATH = YES;
				ONLY_ACTIVE_ARCH = YES;
				SDKROOT = iphoneos;
				SWIFT_ACTIVE_COMPILATION_CONDITIONS = "DEBUG $(inherited)";
				SWIFT_OPTIMIZATION_LEVEL = "-Onone";
			};
			name = Debug;
		};
		823497BB2EEB1F9100F82871 /* Release */ = {
			isa = XCBuildConfiguration;
			buildSettings = {
				ALWAYS_SEARCH_USER_PATHS = NO;
				ASSETCATALOG_COMPILER_GENERATE_SWIFT_ASSET_SYMBOL_EXTENSIONS = YES;
				CLANG_ANALYZER_NONNULL = YES;
				CLANG_ANALYZER_NUMBER_OBJECT_CONVERSION = YES_AGGRESSIVE;
				CLANG_CXX_LANGUAGE_STANDARD = "gnu++20";
				CLANG_ENABLE_MODULES = YES;
				CLANG_ENABLE_OBJC_ARC = YES;
				CLANG_ENABLE_OBJC_WEAK = YES;
				CLANG_WARN_BLOCK_CAPTURE_AUTORELEASING = YES;
				CLANG_WARN_BOOL_CONVERSION = YES;
				CLANG_WARN_COMMA = YES;
				CLANG_WARN_CONSTANT_CONVERSION = YES;
				CLANG_WARN_DEPRECATED_OBJC_IMPLEMENTATIONS = YES;
				CLANG_WARN_DIRECT_OBJC_ISA_USAGE = YES_ERROR;
				CLANG_WARN_DOCUMENTATION_COMMENTS = YES;
				CLANG_WARN_EMPTY_BODY = YES;
				CLANG_WARN_ENUM_CONVERSION = YES;
				CLANG_WARN_INFINITE_RECURSION = YES;
				CLANG_WARN_INT_CONVERSION = YES;
				CLANG_WARN_NON_LITERAL_NULL_CONVERSION = YES;
				CLANG_WARN_OBJC_IMPLICIT_RETAIN_SELF = YES;
				CLANG_WARN_OBJC_LITERAL_CONVERSION = YES;
				CLANG_WARN_OBJC_ROOT_CLASS = YES_ERROR;
				CLANG_WARN_QUOTED_INCLUDE_IN_FRAMEWORK_HEADER = YES;
				CLANG_WARN_RANGE_LOOP_ANALYSIS = YES;
				CLANG_WARN_STRICT_PROTOTYPES = YES;
				CLANG_WARN_SUSPICIOUS_MOVE = YES;
				CLANG_WARN_UNGUARDED_AVAILABILITY = YES_AGGRESSIVE;
				CLANG_WARN_UNREACHABLE_CODE = YES;
				CLANG_WARN__DUPLICATE_METHOD_MATCH = YES;
				COPY_PHASE_STRIP = NO;
				DEBUG_INFORMATION_FORMAT = "dwarf-with-dsym";
				DEVELOPMENT_TEAM = FQA2XH9ZUM;
				ENABLE_NS_ASSERTIONS = NO;
				ENABLE_STRICT_OBJC_MSGSEND = YES;
				ENABLE_USER_SCRIPT_SANDBOXING = YES;
				GCC_C_LANGUAGE_STANDARD = gnu17;
				GCC_NO_COMMON_BLOCKS = YES;
				GCC_WARN_64_TO_32_BIT_CONVERSION = YES;
				GCC_WARN_ABOUT_RETURN_TYPE = YES_ERROR;
				GCC_WARN_UNDECLARED_SELECTOR = YES;
				GCC_WARN_UNINITIALIZED_AUTOS = YES_AGGRESSIVE;
				GCC_WARN_UNUSED_FUNCTION = YES;
				GCC_WARN_UNUSED_VARIABLE = YES;
				IPHONEOS_DEPLOYMENT_TARGET = 26.0;
				LOCALIZATION_PREFERS_STRING_CATALOGS = YES;
				MTL_ENABLE_DEBUG_INFO = NO;
				MTL_FAST_MATH = YES;
				SDKROOT = iphoneos;
				SWIFT_COMPILATION_MODE = wholemodule;
				VALIDATE_PRODUCT = YES;
			};
			name = Release;
		};
		823497BD2EEB1F9100F82871 /* Debug */ = {
			isa = XCBuildConfiguration;
			buildSettings = {
				ASSETCATALOG_COMPILER_APPICON_NAME = AppIcon;
				ASSETCATALOG_COMPILER_GLOBAL_ACCENT_COLOR_NAME = AccentColor;
				CODE_SIGN_STYLE = Automatic;
				CURRENT_PROJECT_VERSION = 1;
				DEVELOPMENT_TEAM = FQA2XH9ZUM;
				GENERATE_INFOPLIST_FILE = YES;
				INFOPLIST_FILE = Commander/Info.plist;
				INFOPLIST_KEY_LSApplicationCategoryType = "public.app-category.word-games";
				INFOPLIST_KEY_UIApplicationSupportsIndirectInputEvents = YES;
				INFOPLIST_KEY_UILaunchStoryboardName = LaunchScreen;
				INFOPLIST_KEY_UIMainStoryboardFile = Main;
				INFOPLIST_KEY_UIStatusBarHidden = YES;
				INFOPLIST_KEY_UISupportedInterfaceOrientations = "UIInterfaceOrientationLandscapeLeft UIInterfaceOrientationLandscapeRight";
				INFOPLIST_KEY_UISupportedInterfaceOrientations_iPad = "UIInterfaceOrientationLandscapeLeft UIInterfaceOrientationLandscapeRight UIInterfaceOrientationPortrait UIInterfaceOrientationPortraitUpsideDown";
				IPHONEOS_DEPLOYMENT_TARGET = 12;
				LD_RUNPATH_SEARCH_PATHS = (
					"$(inherited)",
					"@executable_path/Frameworks",
				);
				MARKETING_VERSION = 1.0;
				PRODUCT_BUNDLE_IDENTIFIER = com.dovhiy.Commander;
				PRODUCT_NAME = "$(TARGET_NAME)";
				STRING_CATALOG_GENERATE_SYMBOLS = YES;
				SWIFT_APPROACHABLE_CONCURRENCY = YES;
				SWIFT_DEFAULT_ACTOR_ISOLATION = MainActor;
				SWIFT_EMIT_LOC_STRINGS = YES;
				SWIFT_UPCOMING_FEATURE_MEMBER_IMPORT_VISIBILITY = YES;
				SWIFT_VERSION = 5.0;
				TARGETED_DEVICE_FAMILY = "1,2";
			};
			name = Debug;
		};
		823497BE2EEB1F9100F82871 /* Release */ = {
			isa = XCBuildConfiguration;
			buildSettings = {
				ASSETCATALOG_COMPILER_APPICON_NAME = AppIcon;
				ASSETCATALOG_COMPILER_GLOBAL_ACCENT_COLOR_NAME = AccentColor;
				CODE_SIGN_STYLE = Automatic;
				CURRENT_PROJECT_VERSION = 1;
				DEVELOPMENT_TEAM = FQA2XH9ZUM;
				GENERATE_INFOPLIST_FILE = YES;
				INFOPLIST_FILE = Commander/Info.plist;
				INFOPLIST_KEY_LSApplicationCategoryType = "public.app-category.word-games";
				INFOPLIST_KEY_UIApplicationSupportsIndirectInputEvents = YES;
				INFOPLIST_KEY_UILaunchStoryboardName = LaunchScreen;
				INFOPLIST_KEY_UIMainStoryboardFile = Main;
				INFOPLIST_KEY_UIStatusBarHidden = YES;
				INFOPLIST_KEY_UISupportedInterfaceOrientations = "UIInterfaceOrientationLandscapeLeft UIInterfaceOrientationLandscapeRight";
				INFOPLIST_KEY_UISupportedInterfaceOrientations_iPad = "UIInterfaceOrientationLandscapeLeft UIInterfaceOrientationLandscapeRight UIInterfaceOrientationPortrait UIInterfaceOrientationPortraitUpsideDown";
				IPHONEOS_DEPLOYMENT_TARGET = 12;
				LD_RUNPATH_SEARCH_PATHS = (
					"$(inherited)",
					"@executable_path/Frameworks",
				);
				MARKETING_VERSION = 1.0;
				PRODUCT_BUNDLE_IDENTIFIER = com.dovhiy.Commander;
				PRODUCT_NAME = "$(TARGET_NAME)";
				STRING_CATALOG_GENERATE_SYMBOLS = YES;
				SWIFT_APPROACHABLE_CONCURRENCY = YES;
				SWIFT_DEFAULT_ACTOR_ISOLATION = MainActor;
				SWIFT_EMIT_LOC_STRINGS = YES;
				SWIFT_UPCOMING_FEATURE_MEMBER_IMPORT_VISIBILITY = YES;
				SWIFT_VERSION = 5.0;
				TARGETED_DEVICE_FAMILY = "1,2";
			};
			name = Release;
		};
/* End XCBuildConfiguration section */

/* Begin XCConfigurationList section */
		823497A02EEB1F9000F82871 /* Build configuration list for PBXProject "Commander" */ = {
			isa = XCConfigurationList;
			buildConfigurations = (
				823497BA2EEB1F9100F82871 /* Debug */,
				823497BB2EEB1F9100F82871 /* Release */,
			);
			defaultConfigurationIsVisible = 0;
			defaultConfigurationName = Release;
		};
		823497BC2EEB1F9100F82871 /* Build configuration list for PBXNativeTarget "Commander" */ = {
			isa = XCConfigurationList;
			buildConfigurations = (
				823497BD2EEB1F9100F82871 /* Debug */,
				823497BE2EEB1F9100F82871 /* Release */,
			);
			defaultConfigurationIsVisible = 0;
			defaultConfigurationName = Release;
		};
/* End XCConfigurationList section */
	};
	rootObject = 8234979D2EEB1F9000F82871 /* Project object */;
}
