// !$*UTF8*$!
{
	archiveVersion = 1;
	classes = {
	};
	objectVersion = 77;
	objects = {

/* Begin PBXBuildFile section */
		820675AD2F012DBC00A14FCF /* BaseViewController.swift in Sources */ = {isa = PBXBuildFile; fileRef = 820675AC2F012DBC00A14FCF /* BaseViewController.swift */; };
		823497CA2EEB1FAA00F82871 /* AppDelegate.swift in Sources */ = {isa = PBXBuildFile; fileRef = 823497C02EEB1FAA00F82871 /* AppDelegate.swift */; };
		823497CB2EEB1FAA00F82871 /* GameScene.swift in Sources */ = {isa = PBXBuildFile; fileRef = 823497C32EEB1FAA00F82871 /* GameScene.swift */; };
		823497CC2EEB1FAA00F82871 /* GameViewController.swift in Sources */ = {isa = PBXBuildFile; fileRef = 823497C42EEB1FAA00F82871 /* GameViewController.swift */; };
		823497CE2EEB1FAA00F82871 /* Assets.xcassets in Resources */ = {isa = PBXBuildFile; fileRef = 823497C12EEB1FAA00F82871 /* Assets.xcassets */; };
		823497CF2EEB1FAA00F82871 /* GameScene.sks in Resources */ = {isa = PBXBuildFile; fileRef = 823497C22EEB1FAA00F82871 /* GameScene.sks */; };
		823497D02EEB1FAA00F82871 /* LaunchScreen.storyboard in Resources */ = {isa = PBXBuildFile; fileRef = 823497C62EEB1FAA00F82871 /* LaunchScreen.storyboard */; };
		823497D12EEB1FAA00F82871 /* Main.storyboard in Resources */ = {isa = PBXBuildFile; fileRef = 823497C82EEB1FAA00F82871 /* Main.storyboard */; };
		823497EC2EEB590C00F82871 /* GameBuilderModel.swift in Sources */ = {isa = PBXBuildFile; fileRef = 823497EB2EEB590B00F82871 /* GameBuilderModel.swift */; };
		823497F02EEB5A4900F82871 /* Difficulty.swift in Sources */ = {isa = PBXBuildFile; fileRef = 823497EF2EEB5A4900F82871 /* Difficulty.swift */; };
		823497F22EEB5AB400F82871 /* GameDurationType.swift in Sources */ = {isa = PBXBuildFile; fileRef = 823497F12EEB5AB400F82871 /* GameDurationType.swift */; };
		823497F52EEB5C0200F82871 /* LevelManager.swift in Sources */ = {isa = PBXBuildFile; fileRef = 823497F42EEB5C0200F82871 /* LevelManager.swift */; };
		823497F72EEB5DBA00F82871 /* EnemyType.swift in Sources */ = {isa = PBXBuildFile; fileRef = 823497F62EEB5DBA00F82871 /* EnemyType.swift */; };
		823497FB2EEB661900F82871 /* WeaponType.swift in Sources */ = {isa = PBXBuildFile; fileRef = 823497FA2EEB661900F82871 /* WeaponType.swift */; };
		823497FE2EEB67D300F82871 /* LevelModel.swift in Sources */ = {isa = PBXBuildFile; fileRef = 823497FD2EEB67D200F82871 /* LevelModel.swift */; };
		823498022EEB6B8B00F82871 /* EnemyNode.swift in Sources */ = {isa = PBXBuildFile; fileRef = 823498012EEB6B8B00F82871 /* EnemyNode.swift */; };
		823498082EEB729500F82871 /* PhysicsCategory.swift in Sources */ = {isa = PBXBuildFile; fileRef = 823498072EEB729500F82871 /* PhysicsCategory.swift */; };
		8234980A2EEB739F00F82871 /* WeaponNode.swift in Sources */ = {isa = PBXBuildFile; fileRef = 823498092EEB739F00F82871 /* WeaponNode.swift */; };
		8234980C2EEB77B900F82871 /* BulletNode.swift in Sources */ = {isa = PBXBuildFile; fileRef = 8234980B2EEB77B900F82871 /* BulletNode.swift */; };
		8235D16C2EFFA40A00D48EB0 /* explosure1.m4a in Resources */ = {isa = PBXBuildFile; fileRef = 8235D16B2EFFA40A00D48EB0 /* explosure1.m4a */; };
		8235D1702EFFA8D000D48EB0 /* AudioFileNameType.swift in Sources */ = {isa = PBXBuildFile; fileRef = 8235D16F2EFFA8D000D48EB0 /* AudioFileNameType.swift */; };
		8235D1732EFFCED400D48EB0 /* AudioNodeContainer.swift in Sources */ = {isa = PBXBuildFile; fileRef = 8235D1722EFFCED400D48EB0 /* AudioNodeContainer.swift */; };
		8235D1752EFFF4CA00D48EB0 /* shoot1.m4a in Resources */ = {isa = PBXBuildFile; fileRef = 8235D1742EFFF4CA00D48EB0 /* shoot1.m4a */; };
		8235D1772EFFF59F00D48EB0 /* menu1.m4a in Resources */ = {isa = PBXBuildFile; fileRef = 8235D1762EFFF59F00D48EB0 /* menu1.m4a */; };
		8235D1792EFFF62800D48EB0 /* AudioViewController.swift in Sources */ = {isa = PBXBuildFile; fileRef = 8235D1782EFFF62800D48EB0 /* AudioViewController.swift */; };
		8235D1882F002D7700D48EB0 /* explosure.m4a in Resources */ = {isa = PBXBuildFile; fileRef = 8235D17B2F002D7700D48EB0 /* explosure.m4a */; };
		8235D1892F002D7700D48EB0 /* hit1.m4a in Resources */ = {isa = PBXBuildFile; fileRef = 8235D17E2F002D7700D48EB0 /* hit1.m4a */; };
		8235D18B2F002D7700D48EB0 /* shoot2.m4a in Resources */ = {isa = PBXBuildFile; fileRef = 8235D1842F002D7700D48EB0 /* shoot2.m4a */; };
		8235D18D2F002D7700D48EB0 /* menu2.m4a in Resources */ = {isa = PBXBuildFile; fileRef = 8235D1822F002D7700D48EB0 /* menu2.m4a */; };
		8235D18E2F002D7700D48EB0 /* explosure4.m4a in Resources */ = {isa = PBXBuildFile; fileRef = 8235D17D2F002D7700D48EB0 /* explosure4.m4a */; };
		8235D18F2F002D7700D48EB0 /* menu3.m4a in Resources */ = {isa = PBXBuildFile; fileRef = 8235D1832F002D7700D48EB0 /* menu3.m4a */; };
		8235D1902F002D7700D48EB0 /* explosure3.m4a in Resources */ = {isa = PBXBuildFile; fileRef = 8235D17C2F002D7700D48EB0 /* explosure3.m4a */; };
		8235D1912F002D7700D48EB0 /* success2.m4a in Resources */ = {isa = PBXBuildFile; fileRef = 8235D1862F002D7700D48EB0 /* success2.m4a */; };
		8235D1922F002D7700D48EB0 /* hit2.m4a in Resources */ = {isa = PBXBuildFile; fileRef = 8235D1802F002D7700D48EB0 /* hit2.m4a */; };
		8235D1932F002D7700D48EB0 /* coins.m4a in Resources */ = {isa = PBXBuildFile; fileRef = 8235D17A2F002D7700D48EB0 /* coins.m4a */; };
		8235D1942F002D7700D48EB0 /* weaponUpgrade.m4a in Resources */ = {isa = PBXBuildFile; fileRef = 8235D1872F002D7700D48EB0 /* weaponUpgrade.m4a */; };
		8235D1952F002D7700D48EB0 /* success1.m4a in Resources */ = {isa = PBXBuildFile; fileRef = 8235D1852F002D7700D48EB0 /* success1.m4a */; };
		8235D1972F007C1600D48EB0 /* loose.m4a in Resources */ = {isa = PBXBuildFile; fileRef = 8235D1962F007C1600D48EB0 /* loose.m4a */; };
		8239D9472F0AC00C007C88E6 /* IcloudService.swift in Sources */ = {isa = PBXBuildFile; fileRef = 8239D9462F0AC00C007C88E6 /* IcloudService.swift */; };
		8260E23D2EED37BF002E29C0 /* LevelListSuperViewController.swift in Sources */ = {isa = PBXBuildFile; fileRef = 8260E23C2EED37BF002E29C0 /* LevelListSuperViewController.swift */; };
		8260E23F2EED381A002E29C0 /* LevelsPageViewController.swift in Sources */ = {isa = PBXBuildFile; fileRef = 8260E23E2EED3819002E29C0 /* LevelsPageViewController.swift */; };
		8260E2412EED383E002E29C0 /* LevelViewController.swift in Sources */ = {isa = PBXBuildFile; fileRef = 8260E2402EED383E002E29C0 /* LevelViewController.swift */; };
		8260E24E2EED43C5002E29C0 /* LevelPagesBuilder.swift in Sources */ = {isa = PBXBuildFile; fileRef = 8260E24D2EED43C5002E29C0 /* LevelPagesBuilder.swift */; };
		8260E26E2EEDB53A002E29C0 /* LevelDescriptionViewController.swift in Sources */ = {isa = PBXBuildFile; fileRef = 8260E26D2EEDB53A002E29C0 /* LevelDescriptionViewController.swift */; };
		8260E2702EEDB54A002E29C0 /* UpgradeWeaponViewController.swift in Sources */ = {isa = PBXBuildFile; fileRef = 8260E26F2EEDB54A002E29C0 /* UpgradeWeaponViewController.swift */; };
		8260E2722EEDB5BD002E29C0 /* DifficultyViewController.swift in Sources */ = {isa = PBXBuildFile; fileRef = 8260E2712EEDB5BD002E29C0 /* DifficultyViewController.swift */; };
		8260E27E2EEE5039002E29C0 /* TableDataModel.swift in Sources */ = {isa = PBXBuildFile; fileRef = 8260E27D2EEE5039002E29C0 /* TableDataModel.swift */; };
		8260E2812EEE50BD002E29C0 /* TableDataCell.swift in Sources */ = {isa = PBXBuildFile; fileRef = 8260E27F2EEE50BD002E29C0 /* TableDataCell.swift */; };
		8260E2822EEE50BD002E29C0 /* TableDataCell.xib in Resources */ = {isa = PBXBuildFile; fileRef = 8260E2802EEE50BD002E29C0 /* TableDataCell.xib */; };
		8265846C2F03D22E003EC450 /* AppearenceGameBuilderModel.swift in Sources */ = {isa = PBXBuildFile; fileRef = 8265846B2F03D22E003EC450 /* AppearenceGameBuilderModel.swift */; };
		8265846E2F045366003EC450 /* EnemyRound.swift in Sources */ = {isa = PBXBuildFile; fileRef = 8265846D2F045366003EC450 /* EnemyRound.swift */; };
		826584702F0454EF003EC450 /* BlockerModel.swift in Sources */ = {isa = PBXBuildFile; fileRef = 8265846F2F0454EF003EC450 /* BlockerModel.swift */; };
		826A32BF2EECEB01001D25B7 /* ButtonModel.swift in Sources */ = {isa = PBXBuildFile; fileRef = 826A32BE2EECEB01001D25B7 /* ButtonModel.swift */; };
		826A32C12EECEB0E001D25B7 /* MessageModel.swift in Sources */ = {isa = PBXBuildFile; fileRef = 826A32C02EECEB0E001D25B7 /* MessageModel.swift */; };
		826A32C72EED05BF001D25B7 /* UIView.swift in Sources */ = {isa = PBXBuildFile; fileRef = 826A32C62EED05BF001D25B7 /* UIView.swift */; };
		827A7B1A2EF2297300A080C9 /* BuyCoinsCell.swift in Sources */ = {isa = PBXBuildFile; fileRef = 827A7B192EF2297300A080C9 /* BuyCoinsCell.swift */; };
		8289ABB42EF3D60300F78DD0 /* DestinationOutMaskedView.swift in Sources */ = {isa = PBXBuildFile; fileRef = 8289ABB32EF3D60300F78DD0 /* DestinationOutMaskedView.swift */; };
		8289ABB62EF4F38700F78DD0 /* HomeViewController.swift in Sources */ = {isa = PBXBuildFile; fileRef = 8289ABB52EF4F38700F78DD0 /* HomeViewController.swift */; };
		829CADBA2EFA8A7200548DB1 /* Reusable.storyboard in Resources */ = {isa = PBXBuildFile; fileRef = 829CADB92EFA8A7200548DB1 /* Reusable.storyboard */; };
		829CADC12EFA8DF500548DB1 /* AlertViewController.swift in Sources */ = {isa = PBXBuildFile; fileRef = 829CADBF2EFA8DF500548DB1 /* AlertViewController.swift */; };
		829CADC32EFA8E0D00548DB1 /* AlertTableViewController.swift in Sources */ = {isa = PBXBuildFile; fileRef = 829CADC22EFA8E0D00548DB1 /* AlertTableViewController.swift */; };
		829CADC52EFA8E1800548DB1 /* AlertCollectionViewController.swift in Sources */ = {isa = PBXBuildFile; fileRef = 829CADC42EFA8E1800548DB1 /* AlertCollectionViewController.swift */; };
		829CADC72EFA8E3E00548DB1 /* AlertTitleCollectionCell.swift in Sources */ = {isa = PBXBuildFile; fileRef = 829CADC62EFA8E3E00548DB1 /* AlertTitleCollectionCell.swift */; };
		829CADC92EFA8E5600548DB1 /* AlertTitleTableCell.swift in Sources */ = {isa = PBXBuildFile; fileRef = 829CADC82EFA8E5600548DB1 /* AlertTitleTableCell.swift */; };
		829CADCB2EFA8E6800548DB1 /* AlertSegmentedTableCell.swift in Sources */ = {isa = PBXBuildFile; fileRef = 829CADCA2EFA8E6800548DB1 /* AlertSegmentedTableCell.swift */; };
		829CADCE2EFA901E00548DB1 /* AlertModel.swift in Sources */ = {isa = PBXBuildFile; fileRef = 829CADCD2EFA901D00548DB1 /* AlertModel.swift */; };
		82A2EEF92EFC38F900437B4E /* CompletedLevelTableCell.swift in Sources */ = {isa = PBXBuildFile; fileRef = 82A2EEF82EFC38F900437B4E /* CompletedLevelTableCell.swift */; };
		82A2EEFC2EFCEB1900437B4E /* PageLevelTableCell.swift in Sources */ = {isa = PBXBuildFile; fileRef = 82A2EEFB2EFCEB1900437B4E /* PageLevelTableCell.swift */; };
		82B65DA62EFEF61A007EC20D /* Tiny5-Regular.otf in Resources */ = {isa = PBXBuildFile; fileRef = 82B65DA52EFEF61A007EC20D /* Tiny5-Regular.otf */; };
		82C637B12EEE57350064F917 /* BuyCoinsViewController.swift in Sources */ = {isa = PBXBuildFile; fileRef = 82C637B02EEE57350064F917 /* BuyCoinsViewController.swift */; };
		82C637BE2EEF40100064F917 /* WeaponUpgradeType.swift in Sources */ = {isa = PBXBuildFile; fileRef = 82C637BD2EEF40100064F917 /* WeaponUpgradeType.swift */; };
		82C637C02EEF41420064F917 /* UserBalanceCell.swift in Sources */ = {isa = PBXBuildFile; fileRef = 82C637BF2EEF41420064F917 /* UserBalanceCell.swift */; };
		82C637C52EEF41920064F917 /* WeaponBuyCell.swift in Sources */ = {isa = PBXBuildFile; fileRef = 82C637C42EEF41920064F917 /* WeaponBuyCell.swift */; };
		82C637C72EEF41A10064F917 /* UpgradeWeaponCell.swift in Sources */ = {isa = PBXBuildFile; fileRef = 82C637C62EEF41A10064F917 /* UpgradeWeaponCell.swift */; };
		82C637C92EEF41AF0064F917 /* WeaponTypeCell.swift in Sources */ = {isa = PBXBuildFile; fileRef = 82C637C82EEF41AF0064F917 /* WeaponTypeCell.swift */; };
		82C637CB2EEF4A2D0064F917 /* DataBaseModel.swift in Sources */ = {isa = PBXBuildFile; fileRef = 82C637CA2EEF4A2D0064F917 /* DataBaseModel.swift */; };
		82C637D72EEF4B6C0064F917 /* KeychainService.swift in Sources */ = {isa = PBXBuildFile; fileRef = 82C637D62EEF4B6C0064F917 /* KeychainService.swift */; };
		82C637D92EEF4B980064F917 /* Keys.swift in Sources */ = {isa = PBXBuildFile; fileRef = 82C637D82EEF4B980064F917 /* Keys.swift */; };
		82C637DB2EEF4C360064F917 /* DataBaseService.swift in Sources */ = {isa = PBXBuildFile; fileRef = 82C637DA2EEF4C360064F917 /* DataBaseService.swift */; };
		82D832622F07A36800237902 /* loop1.m4a in Resources */ = {isa = PBXBuildFile; fileRef = 82D832612F07A36800237902 /* loop1.m4a */; };
		82E165BA2F08C6720090859E /* AlertLevelProgressCell.swift in Sources */ = {isa = PBXBuildFile; fileRef = 82E165B92F08C6720090859E /* AlertLevelProgressCell.swift */; };
/* End PBXBuildFile section */

/* Begin PBXFileReference section */
		820675AC2F012DBC00A14FCF /* BaseViewController.swift */ = {isa = PBXFileReference; lastKnownFileType = sourcecode.swift; path = BaseViewController.swift; sourceTree = "<group>"; };
		823497A52EEB1F9000F82871 /* Commander.app */ = {isa = PBXFileReference; explicitFileType = wrapper.application; includeInIndex = 0; path = Commander.app; sourceTree = BUILT_PRODUCTS_DIR; };
		823497C02EEB1FAA00F82871 /* AppDelegate.swift */ = {isa = PBXFileReference; lastKnownFileType = sourcecode.swift; path = AppDelegate.swift; sourceTree = "<group>"; };
		823497C12EEB1FAA00F82871 /* Assets.xcassets */ = {isa = PBXFileReference; lastKnownFileType = folder.assetcatalog; path = Assets.xcassets; sourceTree = "<group>"; };
		823497C22EEB1FAA00F82871 /* GameScene.sks */ = {isa = PBXFileReference; lastKnownFileType = file.sks; path = GameScene.sks; sourceTree = "<group>"; };
		823497C32EEB1FAA00F82871 /* GameScene.swift */ = {isa = PBXFileReference; lastKnownFileType = sourcecode.swift; path = GameScene.swift; sourceTree = "<group>"; };
		823497C42EEB1FAA00F82871 /* GameViewController.swift */ = {isa = PBXFileReference; lastKnownFileType = sourcecode.swift; path = GameViewController.swift; sourceTree = "<group>"; };
		823497C52EEB1FAA00F82871 /* Base */ = {isa = PBXFileReference; lastKnownFileType = file.storyboard; name = Base; path = Base.lproj/LaunchScreen.storyboard; sourceTree = "<group>"; };
		823497C72EEB1FAA00F82871 /* Base */ = {isa = PBXFileReference; lastKnownFileType = file.storyboard; name = Base; path = Base.lproj/Main.storyboard; sourceTree = "<group>"; };
		823497D22EEB210E00F82871 /* Info.plist */ = {isa = PBXFileReference; lastKnownFileType = text.plist; path = Info.plist; sourceTree = "<group>"; };
		823497EB2EEB590B00F82871 /* GameBuilderModel.swift */ = {isa = PBXFileReference; lastKnownFileType = sourcecode.swift; path = GameBuilderModel.swift; sourceTree = "<group>"; };
		823497EF2EEB5A4900F82871 /* Difficulty.swift */ = {isa = PBXFileReference; lastKnownFileType = sourcecode.swift; path = Difficulty.swift; sourceTree = "<group>"; };
		823497F12EEB5AB400F82871 /* GameDurationType.swift */ = {isa = PBXFileReference; lastKnownFileType = sourcecode.swift; path = GameDurationType.swift; sourceTree = "<group>"; };
		823497F42EEB5C0200F82871 /* LevelManager.swift */ = {isa = PBXFileReference; lastKnownFileType = sourcecode.swift; path = LevelManager.swift; sourceTree = "<group>"; };
		823497F62EEB5DBA00F82871 /* EnemyType.swift */ = {isa = PBXFileReference; lastKnownFileType = sourcecode.swift; path = EnemyType.swift; sourceTree = "<group>"; };
		823497FA2EEB661900F82871 /* WeaponType.swift */ = {isa = PBXFileReference; lastKnownFileType = sourcecode.swift; path = WeaponType.swift; sourceTree = "<group>"; };
		823497FD2EEB67D200F82871 /* LevelModel.swift */ = {isa = PBXFileReference; lastKnownFileType = sourcecode.swift; path = LevelModel.swift; sourceTree = "<group>"; };
		823498012EEB6B8B00F82871 /* EnemyNode.swift */ = {isa = PBXFileReference; lastKnownFileType = sourcecode.swift; path = EnemyNode.swift; sourceTree = "<group>"; };
		823498072EEB729500F82871 /* PhysicsCategory.swift */ = {isa = PBXFileReference; lastKnownFileType = sourcecode.swift; path = PhysicsCategory.swift; sourceTree = "<group>"; };
		823498092EEB739F00F82871 /* WeaponNode.swift */ = {isa = PBXFileReference; lastKnownFileType = sourcecode.swift; path = WeaponNode.swift; sourceTree = "<group>"; };
		8234980B2EEB77B900F82871 /* BulletNode.swift */ = {isa = PBXFileReference; lastKnownFileType = sourcecode.swift; path = BulletNode.swift; sourceTree = "<group>"; };
		8235D16B2EFFA40A00D48EB0 /* explosure1.m4a */ = {isa = PBXFileReference; lastKnownFileType = file; path = explosure1.m4a; sourceTree = "<group>"; };
		8235D16F2EFFA8D000D48EB0 /* AudioFileNameType.swift */ = {isa = PBXFileReference; lastKnownFileType = sourcecode.swift; path = AudioFileNameType.swift; sourceTree = "<group>"; };
		8235D1722EFFCED400D48EB0 /* AudioNodeContainer.swift */ = {isa = PBXFileReference; lastKnownFileType = sourcecode.swift; path = AudioNodeContainer.swift; sourceTree = "<group>"; };
		8235D1742EFFF4CA00D48EB0 /* shoot1.m4a */ = {isa = PBXFileReference; lastKnownFileType = file; path = shoot1.m4a; sourceTree = "<group>"; };
		8235D1762EFFF59F00D48EB0 /* menu1.m4a */ = {isa = PBXFileReference; lastKnownFileType = file; path = menu1.m4a; sourceTree = "<group>"; };
		8235D1782EFFF62800D48EB0 /* AudioViewController.swift */ = {isa = PBXFileReference; lastKnownFileType = sourcecode.swift; path = AudioViewController.swift; sourceTree = "<group>"; };
		8235D17A2F002D7700D48EB0 /* coins.m4a */ = {isa = PBXFileReference; lastKnownFileType = file; path = coins.m4a; sourceTree = "<group>"; };
		8235D17B2F002D7700D48EB0 /* explosure.m4a */ = {isa = PBXFileReference; lastKnownFileType = file; path = explosure.m4a; sourceTree = "<group>"; };
		8235D17C2F002D7700D48EB0 /* explosure3.m4a */ = {isa = PBXFileReference; lastKnownFileType = file; path = explosure3.m4a; sourceTree = "<group>"; };
		8235D17D2F002D7700D48EB0 /* explosure4.m4a */ = {isa = PBXFileReference; lastKnownFileType = file; path = explosure4.m4a; sourceTree = "<group>"; };
		8235D17E2F002D7700D48EB0 /* hit1.m4a */ = {isa = PBXFileReference; lastKnownFileType = file; path = hit1.m4a; sourceTree = "<group>"; };
		8235D1802F002D7700D48EB0 /* hit2.m4a */ = {isa = PBXFileReference; lastKnownFileType = file; path = hit2.m4a; sourceTree = "<group>"; };
		8235D1822F002D7700D48EB0 /* menu2.m4a */ = {isa = PBXFileReference; lastKnownFileType = file; path = menu2.m4a; sourceTree = "<group>"; };
		8235D1832F002D7700D48EB0 /* menu3.m4a */ = {isa = PBXFileReference; lastKnownFileType = file; path = menu3.m4a; sourceTree = "<group>"; };
		8235D1842F002D7700D48EB0 /* shoot2.m4a */ = {isa = PBXFileReference; lastKnownFileType = file; path = shoot2.m4a; sourceTree = "<group>"; };
		8235D1852F002D7700D48EB0 /* success1.m4a */ = {isa = PBXFileReference; lastKnownFileType = file; path = success1.m4a; sourceTree = "<group>"; };
		8235D1862F002D7700D48EB0 /* success2.m4a */ = {isa = PBXFileReference; lastKnownFileType = file; path = success2.m4a; sourceTree = "<group>"; };
		8235D1872F002D7700D48EB0 /* weaponUpgrade.m4a */ = {isa = PBXFileReference; lastKnownFileType = file; path = weaponUpgrade.m4a; sourceTree = "<group>"; };
		8235D1962F007C1600D48EB0 /* loose.m4a */ = {isa = PBXFileReference; lastKnownFileType = file; path = loose.m4a; sourceTree = "<group>"; };
		8239D9462F0AC00C007C88E6 /* IcloudService.swift */ = {isa = PBXFileReference; lastKnownFileType = sourcecode.swift; path = IcloudService.swift; sourceTree = "<group>"; };
		8260E23C2EED37BF002E29C0 /* LevelListSuperViewController.swift */ = {isa = PBXFileReference; lastKnownFileType = sourcecode.swift; path = LevelListSuperViewController.swift; sourceTree = "<group>"; };
		8260E23E2EED3819002E29C0 /* LevelsPageViewController.swift */ = {isa = PBXFileReference; lastKnownFileType = sourcecode.swift; path = LevelsPageViewController.swift; sourceTree = "<group>"; };
		8260E2402EED383E002E29C0 /* LevelViewController.swift */ = {isa = PBXFileReference; lastKnownFileType = sourcecode.swift; path = LevelViewController.swift; sourceTree = "<group>"; };
		8260E24D2EED43C5002E29C0 /* LevelPagesBuilder.swift */ = {isa = PBXFileReference; lastKnownFileType = sourcecode.swift; path = LevelPagesBuilder.swift; sourceTree = "<group>"; };
		8260E26D2EEDB53A002E29C0 /* LevelDescriptionViewController.swift */ = {isa = PBXFileReference; lastKnownFileType = sourcecode.swift; path = LevelDescriptionViewController.swift; sourceTree = "<group>"; };
		8260E26F2EEDB54A002E29C0 /* UpgradeWeaponViewController.swift */ = {isa = PBXFileReference; lastKnownFileType = sourcecode.swift; path = UpgradeWeaponViewController.swift; sourceTree = "<group>"; };
		8260E2712EEDB5BD002E29C0 /* DifficultyViewController.swift */ = {isa = PBXFileReference; lastKnownFileType = sourcecode.swift; path = DifficultyViewController.swift; sourceTree = "<group>"; };
		8260E27D2EEE5039002E29C0 /* TableDataModel.swift */ = {isa = PBXFileReference; lastKnownFileType = sourcecode.swift; path = TableDataModel.swift; sourceTree = "<group>"; };
		8260E27F2EEE50BD002E29C0 /* TableDataCell.swift */ = {isa = PBXFileReference; lastKnownFileType = sourcecode.swift; path = TableDataCell.swift; sourceTree = "<group>"; };
		8260E2802EEE50BD002E29C0 /* TableDataCell.xib */ = {isa = PBXFileReference; lastKnownFileType = file.xib; path = TableDataCell.xib; sourceTree = "<group>"; };
		8265846B2F03D22E003EC450 /* AppearenceGameBuilderModel.swift */ = {isa = PBXFileReference; lastKnownFileType = sourcecode.swift; path = AppearenceGameBuilderModel.swift; sourceTree = "<group>"; };
		8265846D2F045366003EC450 /* EnemyRound.swift */ = {isa = PBXFileReference; lastKnownFileType = sourcecode.swift; path = EnemyRound.swift; sourceTree = "<group>"; };
		8265846F2F0454EF003EC450 /* BlockerModel.swift */ = {isa = PBXFileReference; lastKnownFileType = sourcecode.swift; path = BlockerModel.swift; sourceTree = "<group>"; };
		826A32BE2EECEB01001D25B7 /* ButtonModel.swift */ = {isa = PBXFileReference; lastKnownFileType = sourcecode.swift; path = ButtonModel.swift; sourceTree = "<group>"; };
		826A32C02EECEB0E001D25B7 /* MessageModel.swift */ = {isa = PBXFileReference; lastKnownFileType = sourcecode.swift; path = MessageModel.swift; sourceTree = "<group>"; };
		826A32C62EED05BF001D25B7 /* UIView.swift */ = {isa = PBXFileReference; lastKnownFileType = sourcecode.swift; path = UIView.swift; sourceTree = "<group>"; };
		827A7B192EF2297300A080C9 /* BuyCoinsCell.swift */ = {isa = PBXFileReference; lastKnownFileType = sourcecode.swift; path = BuyCoinsCell.swift; sourceTree = "<group>"; };
		827A7B1C2EF2379A00A080C9 /* Commander.entitlements */ = {isa = PBXFileReference; lastKnownFileType = text.plist.entitlements; path = Commander.entitlements; sourceTree = "<group>"; };
		8289ABB32EF3D60300F78DD0 /* DestinationOutMaskedView.swift */ = {isa = PBXFileReference; lastKnownFileType = sourcecode.swift; path = DestinationOutMaskedView.swift; sourceTree = "<group>"; };
		8289ABB52EF4F38700F78DD0 /* HomeViewController.swift */ = {isa = PBXFileReference; lastKnownFileType = sourcecode.swift; path = HomeViewController.swift; sourceTree = "<group>"; };
		829CADB92EFA8A7200548DB1 /* Reusable.storyboard */ = {isa = PBXFileReference; lastKnownFileType = file.storyboard; path = Reusable.storyboard; sourceTree = "<group>"; };
		829CADBF2EFA8DF500548DB1 /* AlertViewController.swift */ = {isa = PBXFileReference; lastKnownFileType = sourcecode.swift; path = AlertViewController.swift; sourceTree = "<group>"; };
		829CADC22EFA8E0D00548DB1 /* AlertTableViewController.swift */ = {isa = PBXFileReference; lastKnownFileType = sourcecode.swift; path = AlertTableViewController.swift; sourceTree = "<group>"; };
		829CADC42EFA8E1800548DB1 /* AlertCollectionViewController.swift */ = {isa = PBXFileReference; lastKnownFileType = sourcecode.swift; path = AlertCollectionViewController.swift; sourceTree = "<group>"; };
		829CADC62EFA8E3E00548DB1 /* AlertTitleCollectionCell.swift */ = {isa = PBXFileReference; lastKnownFileType = sourcecode.swift; path = AlertTitleCollectionCell.swift; sourceTree = "<group>"; };
		829CADC82EFA8E5600548DB1 /* AlertTitleTableCell.swift */ = {isa = PBXFileReference; lastKnownFileType = sourcecode.swift; path = AlertTitleTableCell.swift; sourceTree = "<group>"; };
		829CADCA2EFA8E6800548DB1 /* AlertSegmentedTableCell.swift */ = {isa = PBXFileReference; lastKnownFileType = sourcecode.swift; path = AlertSegmentedTableCell.swift; sourceTree = "<group>"; };
		829CADCD2EFA901D00548DB1 /* AlertModel.swift */ = {isa = PBXFileReference; lastKnownFileType = sourcecode.swift; path = AlertModel.swift; sourceTree = "<group>"; };
		82A2EEF82EFC38F900437B4E /* CompletedLevelTableCell.swift */ = {isa = PBXFileReference; lastKnownFileType = sourcecode.swift; path = CompletedLevelTableCell.swift; sourceTree = "<group>"; };
		82A2EEFB2EFCEB1900437B4E /* PageLevelTableCell.swift */ = {isa = PBXFileReference; lastKnownFileType = sourcecode.swift; path = PageLevelTableCell.swift; sourceTree = "<group>"; };
		82B65DA52EFEF61A007EC20D /* Tiny5-Regular.otf */ = {isa = PBXFileReference; lastKnownFileType = file; path = "Tiny5-Regular.otf"; sourceTree = "<group>"; };
		82C637B02EEE57350064F917 /* BuyCoinsViewController.swift */ = {isa = PBXFileReference; lastKnownFileType = sourcecode.swift; path = BuyCoinsViewController.swift; sourceTree = "<group>"; };
		82C637BD2EEF40100064F917 /* WeaponUpgradeType.swift */ = {isa = PBXFileReference; lastKnownFileType = sourcecode.swift; path = WeaponUpgradeType.swift; sourceTree = "<group>"; };
		82C637BF2EEF41420064F917 /* UserBalanceCell.swift */ = {isa = PBXFileReference; lastKnownFileType = sourcecode.swift; path = UserBalanceCell.swift; sourceTree = "<group>"; };
		82C637C42EEF41920064F917 /* WeaponBuyCell.swift */ = {isa = PBXFileReference; lastKnownFileType = sourcecode.swift; path = WeaponBuyCell.swift; sourceTree = "<group>"; };
		82C637C62EEF41A10064F917 /* UpgradeWeaponCell.swift */ = {isa = PBXFileReference; lastKnownFileType = sourcecode.swift; path = UpgradeWeaponCell.swift; sourceTree = "<group>"; };
		82C637C82EEF41AF0064F917 /* WeaponTypeCell.swift */ = {isa = PBXFileReference; lastKnownFileType = sourcecode.swift; path = WeaponTypeCell.swift; sourceTree = "<group>"; };
		82C637CA2EEF4A2D0064F917 /* DataBaseModel.swift */ = {isa = PBXFileReference; lastKnownFileType = sourcecode.swift; path = DataBaseModel.swift; sourceTree = "<group>"; };
		82C637D62EEF4B6C0064F917 /* KeychainService.swift */ = {isa = PBXFileReference; lastKnownFileType = sourcecode.swift; path = KeychainService.swift; sourceTree = "<group>"; };
		82C637D82EEF4B980064F917 /* Keys.swift */ = {isa = PBXFileReference; lastKnownFileType = sourcecode.swift; path = Keys.swift; sourceTree = "<group>"; };
		82C637DA2EEF4C360064F917 /* DataBaseService.swift */ = {isa = PBXFileReference; lastKnownFileType = sourcecode.swift; path = DataBaseService.swift; sourceTree = "<group>"; };
		82D832612F07A36800237902 /* loop1.m4a */ = {isa = PBXFileReference; lastKnownFileType = file; path = loop1.m4a; sourceTree = "<group>"; };
		82E165B92F08C6720090859E /* AlertLevelProgressCell.swift */ = {isa = PBXFileReference; lastKnownFileType = sourcecode.swift; path = AlertLevelProgressCell.swift; sourceTree = "<group>"; };
/* End PBXFileReference section */

/* Begin PBXFrameworksBuildPhase section */
		823497A22EEB1F9000F82871 /* Frameworks */ = {
			isa = PBXFrameworksBuildPhase;
			buildActionMask = 2147483647;
			files = (
			);
			runOnlyForDeploymentPostprocessing = 0;
		};
/* End PBXFrameworksBuildPhase section */

/* Begin PBXGroup section */
		820675A92F012C2400A14FCF /* LevelsPageViewController */ = {
			isa = PBXGroup;
			children = (
				8260E23E2EED3819002E29C0 /* LevelsPageViewController.swift */,
				8260E2402EED383E002E29C0 /* LevelViewController.swift */,
			);
			path = LevelsPageViewController;
			sourceTree = "<group>";
		};
		820675AA2F012D5100A14FCF /* BaseDataModel */ = {
			isa = PBXGroup;
			children = (
				826A32BE2EECEB01001D25B7 /* ButtonModel.swift */,
				826A32C02EECEB0E001D25B7 /* MessageModel.swift */,
				8260E27D2EEE5039002E29C0 /* TableDataModel.swift */,
			);
			path = BaseDataModel;
			sourceTree = "<group>";
		};
		820675AB2F012DA500A14FCF /* BaseViewController */ = {
			isa = PBXGroup;
			children = (
				8235D1782EFFF62800D48EB0 /* AudioViewController.swift */,
				820675AC2F012DBC00A14FCF /* BaseViewController.swift */,
			);
			path = BaseViewController;
			sourceTree = "<group>";
		};
		823095372EF03FDA00989895 /* Builder */ = {
			isa = PBXGroup;
			children = (
				82DAF4612F068EEC0008291E /* GameBuilderModel */,
				8260E24D2EED43C5002E29C0 /* LevelPagesBuilder.swift */,
			);
			path = Builder;
			sourceTree = "<group>";
		};
		8234979C2EEB1F9000F82871 = {
			isa = PBXGroup;
			children = (
				823497C92EEB1FAA00F82871 /* Commander */,
				823497A62EEB1F9000F82871 /* Products */,
			);
			sourceTree = "<group>";
		};
		823497A62EEB1F9000F82871 /* Products */ = {
			isa = PBXGroup;
			children = (
				823497A52EEB1F9000F82871 /* Commander.app */,
			);
			name = Products;
			sourceTree = "<group>";
		};
		823497C92EEB1FAA00F82871 /* Commander */ = {
			isa = PBXGroup;
			children = (
				827A7B1C2EF2379A00A080C9 /* Commander.entitlements */,
				823497D22EEB210E00F82871 /* Info.plist */,
				823497C02EEB1FAA00F82871 /* AppDelegate.swift */,
				823497C22EEB1FAA00F82871 /* GameScene.sks */,
				8235D16E2EFFA8BF00D48EB0 /* Cofig */,
				823095372EF03FDA00989895 /* Builder */,
				82C637DC2EEF4E090064F917 /* Service */,
				823497FC2EEB664D00F82871 /* DataModel */,
				823498032EEB6F8400F82871 /* Node */,
				823498042EEB6F9700F82871 /* Scene */,
				823498052EEB6FBD00F82871 /* ViewController */,
				826A32B52EECEA28001D25B7 /* ComponentView */,
				823498062EEB6FCA00F82871 /* View */,
				823497C12EEB1FAA00F82871 /* Assets.xcassets */,
				823497C62EEB1FAA00F82871 /* LaunchScreen.storyboard */,
				8235D1712EFFA8EA00D48EB0 /* Files */,
				826A32C82EED05C6001D25B7 /* Extensions */,
			);
			path = Commander;
			sourceTree = "<group>";
		};
		823497F32EEB5AC800F82871 /* Game */ = {
			isa = PBXGroup;
			children = (
				823497F42EEB5C0200F82871 /* LevelManager.swift */,
				823497FD2EEB67D200F82871 /* LevelModel.swift */,
				823497FA2EEB661900F82871 /* WeaponType.swift */,
				82C637BD2EEF40100064F917 /* WeaponUpgradeType.swift */,
				823497EF2EEB5A4900F82871 /* Difficulty.swift */,
				823497F62EEB5DBA00F82871 /* EnemyType.swift */,
				823497F12EEB5AB400F82871 /* GameDurationType.swift */,
			);
			path = Game;
			sourceTree = "<group>";
		};
		823497FC2EEB664D00F82871 /* DataModel */ = {
			isa = PBXGroup;
			children = (
				829CADCD2EFA901D00548DB1 /* AlertModel.swift */,
				82C637CA2EEF4A2D0064F917 /* DataBaseModel.swift */,
				820675AA2F012D5100A14FCF /* BaseDataModel */,
				823497F32EEB5AC800F82871 /* Game */,
			);
			path = DataModel;
			sourceTree = "<group>";
		};
		823498032EEB6F8400F82871 /* Node */ = {
			isa = PBXGroup;
			children = (
				8235D1722EFFCED400D48EB0 /* AudioNodeContainer.swift */,
				823498012EEB6B8B00F82871 /* EnemyNode.swift */,
				823498092EEB739F00F82871 /* WeaponNode.swift */,
				8234980B2EEB77B900F82871 /* BulletNode.swift */,
			);
			path = Node;
			sourceTree = "<group>";
		};
		823498042EEB6F9700F82871 /* Scene */ = {
			isa = PBXGroup;
			children = (
				823497C32EEB1FAA00F82871 /* GameScene.swift */,
			);
			path = Scene;
			sourceTree = "<group>";
		};
		823498052EEB6FBD00F82871 /* ViewController */ = {
			isa = PBXGroup;
			children = (
				8289ABB52EF4F38700F78DD0 /* HomeViewController.swift */,
				8260E2422EED3846002E29C0 /* LevelsViewController */,
				82C637BC2EEF3FF30064F917 /* UpgradeWeaponViewController */,
				827A7B182EF2295800A080C9 /* BuyCoinsViewController */,
				826A32C42EED0594001D25B7 /* GameViewController */,
				820675AB2F012DA500A14FCF /* BaseViewController */,
				829CADBD2EFA8DD900548DB1 /* Reusable */,
			);
			path = ViewController;
			sourceTree = "<group>";
		};
		823498062EEB6FCA00F82871 /* View */ = {
			isa = PBXGroup;
			children = (
				823497C82EEB1FAA00F82871 /* Main.storyboard */,
				829CADB92EFA8A7200548DB1 /* Reusable.storyboard */,
			);
			path = View;
			sourceTree = "<group>";
		};
		8235D16D2EFFA41C00D48EB0 /* audio */ = {
			isa = PBXGroup;
			children = (
				8235D17A2F002D7700D48EB0 /* coins.m4a */,
				8235D1742EFFF4CA00D48EB0 /* shoot1.m4a */,
				8235D17B2F002D7700D48EB0 /* explosure.m4a */,
				8235D16B2EFFA40A00D48EB0 /* explosure1.m4a */,
				8235D17C2F002D7700D48EB0 /* explosure3.m4a */,
				8235D1962F007C1600D48EB0 /* loose.m4a */,
				8235D17D2F002D7700D48EB0 /* explosure4.m4a */,
				8235D17E2F002D7700D48EB0 /* hit1.m4a */,
				82D832612F07A36800237902 /* loop1.m4a */,
				8235D1802F002D7700D48EB0 /* hit2.m4a */,
				8235D1762EFFF59F00D48EB0 /* menu1.m4a */,
				8235D1822F002D7700D48EB0 /* menu2.m4a */,
				8235D1832F002D7700D48EB0 /* menu3.m4a */,
				8235D1842F002D7700D48EB0 /* shoot2.m4a */,
				8235D1852F002D7700D48EB0 /* success1.m4a */,
				8235D1862F002D7700D48EB0 /* success2.m4a */,
				8235D1872F002D7700D48EB0 /* weaponUpgrade.m4a */,
			);
			path = audio;
			sourceTree = "<group>";
		};
		8235D16E2EFFA8BF00D48EB0 /* Cofig */ = {
			isa = PBXGroup;
			children = (
				82C637D82EEF4B980064F917 /* Keys.swift */,
				823498072EEB729500F82871 /* PhysicsCategory.swift */,
				8235D16F2EFFA8D000D48EB0 /* AudioFileNameType.swift */,
			);
			path = Cofig;
			sourceTree = "<group>";
		};
		8235D1712EFFA8EA00D48EB0 /* Files */ = {
			isa = PBXGroup;
			children = (
				82B65DA52EFEF61A007EC20D /* Tiny5-Regular.otf */,
				8235D16D2EFFA41C00D48EB0 /* audio */,
			);
			path = Files;
			sourceTree = "<group>";
		};
		8260E2422EED3846002E29C0 /* LevelsViewController */ = {
			isa = PBXGroup;
			children = (
				8260E23C2EED37BF002E29C0 /* LevelListSuperViewController.swift */,
				8260E2712EEDB5BD002E29C0 /* DifficultyViewController.swift */,
				82A2EEF72EFC38DE00437B4E /* LevelDescriptionViewController */,
				820675A92F012C2400A14FCF /* LevelsPageViewController */,
			);
			path = LevelsViewController;
			sourceTree = "<group>";
		};
		8260E2832EEE50C7002E29C0 /* TableDataCell */ = {
			isa = PBXGroup;
			children = (
				8260E27F2EEE50BD002E29C0 /* TableDataCell.swift */,
				8260E2802EEE50BD002E29C0 /* TableDataCell.xib */,
			);
			path = TableDataCell;
			sourceTree = "<group>";
		};
		826A32B52EECEA28001D25B7 /* ComponentView */ = {
			isa = PBXGroup;
			children = (
				8289ABB32EF3D60300F78DD0 /* DestinationOutMaskedView.swift */,
				8260E2832EEE50C7002E29C0 /* TableDataCell */,
			);
			path = ComponentView;
			sourceTree = "<group>";
		};
		826A32C42EED0594001D25B7 /* GameViewController */ = {
			isa = PBXGroup;
			children = (
				823497C42EEB1FAA00F82871 /* GameViewController.swift */,
			);
			path = GameViewController;
			sourceTree = "<group>";
		};
		826A32C82EED05C6001D25B7 /* Extensions */ = {
			isa = PBXGroup;
			children = (
				826A32C62EED05BF001D25B7 /* UIView.swift */,
			);
			path = Extensions;
			sourceTree = "<group>";
		};
		827A7B182EF2295800A080C9 /* BuyCoinsViewController */ = {
			isa = PBXGroup;
			children = (
				82C637B02EEE57350064F917 /* BuyCoinsViewController.swift */,
				827A7B1B2EF2297B00A080C9 /* Cell */,
			);
			path = BuyCoinsViewController;
			sourceTree = "<group>";
		};
		827A7B1B2EF2297B00A080C9 /* Cell */ = {
			isa = PBXGroup;
			children = (
				827A7B192EF2297300A080C9 /* BuyCoinsCell.swift */,
			);
			path = Cell;
			sourceTree = "<group>";
		};
		829CADBD2EFA8DD900548DB1 /* Reusable */ = {
			isa = PBXGroup;
			children = (
				829CADC02EFA8DF500548DB1 /* AlertViewController */,
			);
			path = Reusable;
			sourceTree = "<group>";
		};
		829CADC02EFA8DF500548DB1 /* AlertViewController */ = {
			isa = PBXGroup;
			children = (
				829CADBF2EFA8DF500548DB1 /* AlertViewController.swift */,
				829CADC22EFA8E0D00548DB1 /* AlertTableViewController.swift */,
				829CADC42EFA8E1800548DB1 /* AlertCollectionViewController.swift */,
				829CADCC2EFA8E8700548DB1 /* Cell */,
			);
			path = AlertViewController;
			sourceTree = "<group>";
		};
		829CADCC2EFA8E8700548DB1 /* Cell */ = {
			isa = PBXGroup;
			children = (
				829CADC62EFA8E3E00548DB1 /* AlertTitleCollectionCell.swift */,
				829CADC82EFA8E5600548DB1 /* AlertTitleTableCell.swift */,
				82E165B92F08C6720090859E /* AlertLevelProgressCell.swift */,
				829CADCA2EFA8E6800548DB1 /* AlertSegmentedTableCell.swift */,
			);
			path = Cell;
			sourceTree = "<group>";
		};
		82A2EEF72EFC38DE00437B4E /* LevelDescriptionViewController */ = {
			isa = PBXGroup;
			children = (
				8260E26D2EEDB53A002E29C0 /* LevelDescriptionViewController.swift */,
				82A2EEFA2EFC38FF00437B4E /* Cell */,
			);
			path = LevelDescriptionViewController;
			sourceTree = "<group>";
		};
		82A2EEFA2EFC38FF00437B4E /* Cell */ = {
			isa = PBXGroup;
			children = (
				82A2EEF82EFC38F900437B4E /* CompletedLevelTableCell.swift */,
				82A2EEFB2EFCEB1900437B4E /* PageLevelTableCell.swift */,
			);
			path = Cell;
			sourceTree = "<group>";
		};
		82C637BC2EEF3FF30064F917 /* UpgradeWeaponViewController */ = {
			isa = PBXGroup;
			children = (
				8260E26F2EEDB54A002E29C0 /* UpgradeWeaponViewController.swift */,
				82C637C32EEF41560064F917 /* Cell */,
			);
			path = UpgradeWeaponViewController;
			sourceTree = "<group>";
		};
		82C637C32EEF41560064F917 /* Cell */ = {
			isa = PBXGroup;
			children = (
				82C637BF2EEF41420064F917 /* UserBalanceCell.swift */,
				82C637C62EEF41A10064F917 /* UpgradeWeaponCell.swift */,
				82C637C82EEF41AF0064F917 /* WeaponTypeCell.swift */,
				82C637C42EEF41920064F917 /* WeaponBuyCell.swift */,
			);
			path = Cell;
			sourceTree = "<group>";
		};
		82C637DC2EEF4E090064F917 /* Service */ = {
			isa = PBXGroup;
			children = (
				82C637D62EEF4B6C0064F917 /* KeychainService.swift */,
				82C637DA2EEF4C360064F917 /* DataBaseService.swift */,
				8239D9462F0AC00C007C88E6 /* IcloudService.swift */,
			);
			path = Service;
			sourceTree = "<group>";
		};
		82DAF4612F068EEC0008291E /* GameBuilderModel */ = {
			isa = PBXGroup;
			children = (
				823497EB2EEB590B00F82871 /* GameBuilderModel.swift */,
				8265846F2F0454EF003EC450 /* BlockerModel.swift */,
				8265846D2F045366003EC450 /* EnemyRound.swift */,
				8265846B2F03D22E003EC450 /* AppearenceGameBuilderModel.swift */,
			);
			path = GameBuilderModel;
			sourceTree = "<group>";
		};
/* End PBXGroup section */

/* Begin PBXNativeTarget section */
		823497A42EEB1F9000F82871 /* Commander */ = {
			isa = PBXNativeTarget;
			buildConfigurationList = 823497BC2EEB1F9100F82871 /* Build configuration list for PBXNativeTarget "Commander" */;
			buildPhases = (
				823497A12EEB1F9000F82871 /* Sources */,
				823497A22EEB1F9000F82871 /* Frameworks */,
				823497A32EEB1F9000F82871 /* Resources */,
			);
			buildRules = (
			);
			dependencies = (
			);
			name = Commander;
			packageProductDependencies = (
			);
			productName = Commander;
			productReference = 823497A52EEB1F9000F82871 /* Commander.app */;
			productType = "com.apple.product-type.application";
		};
/* End PBXNativeTarget section */

/* Begin PBXProject section */
		8234979D2EEB1F9000F82871 /* Project object */ = {
			isa = PBXProject;
			attributes = {
				BuildIndependentTargetsInParallel = 1;
				LastSwiftUpdateCheck = 2600;
				LastUpgradeCheck = 2600;
				TargetAttributes = {
					823497A42EEB1F9000F82871 = {
						CreatedOnToolsVersion = 26.0;
					};
				};
			};
			buildConfigurationList = 823497A02EEB1F9000F82871 /* Build configuration list for PBXProject "Commander" */;
			developmentRegion = en;
			hasScannedForEncodings = 0;
			knownRegions = (
				en,
				Base,
			);
			mainGroup = 8234979C2EEB1F9000F82871;
			minimizedProjectReferenceProxies = 1;
			preferredProjectObjectVersion = 77;
			productRefGroup = 823497A62EEB1F9000F82871 /* Products */;
			projectDirPath = "";
			projectRoot = "";
			targets = (
				823497A42EEB1F9000F82871 /* Commander */,
			);
		};
/* End PBXProject section */

/* Begin PBXResourcesBuildPhase section */
		823497A32EEB1F9000F82871 /* Resources */ = {
			isa = PBXResourcesBuildPhase;
			buildActionMask = 2147483647;
			files = (
				8235D1752EFFF4CA00D48EB0 /* shoot1.m4a in Resources */,
				82B65DA62EFEF61A007EC20D /* Tiny5-Regular.otf in Resources */,
				823497CE2EEB1FAA00F82871 /* Assets.xcassets in Resources */,
				823497CF2EEB1FAA00F82871 /* GameScene.sks in Resources */,
				82D832622F07A36800237902 /* loop1.m4a in Resources */,
				8260E2822EEE50BD002E29C0 /* TableDataCell.xib in Resources */,
				8235D1772EFFF59F00D48EB0 /* menu1.m4a in Resources */,
				8235D1972F007C1600D48EB0 /* loose.m4a in Resources */,
				823497D02EEB1FAA00F82871 /* LaunchScreen.storyboard in Resources */,
				8235D16C2EFFA40A00D48EB0 /* explosure1.m4a in Resources */,
				829CADBA2EFA8A7200548DB1 /* Reusable.storyboard in Resources */,
				823497D12EEB1FAA00F82871 /* Main.storyboard in Resources */,
				8235D1882F002D7700D48EB0 /* explosure.m4a in Resources */,
				8235D1892F002D7700D48EB0 /* hit1.m4a in Resources */,
				8235D18B2F002D7700D48EB0 /* shoot2.m4a in Resources */,
				8235D18D2F002D7700D48EB0 /* menu2.m4a in Resources */,
				8235D18E2F002D7700D48EB0 /* explosure4.m4a in Resources */,
				8235D18F2F002D7700D48EB0 /* menu3.m4a in Resources */,
				8235D1902F002D7700D48EB0 /* explosure3.m4a in Resources */,
				8235D1912F002D7700D48EB0 /* success2.m4a in Resources */,
				8235D1922F002D7700D48EB0 /* hit2.m4a in Resources */,
				8235D1932F002D7700D48EB0 /* coins.m4a in Resources */,
				8235D1942F002D7700D48EB0 /* weaponUpgrade.m4a in Resources */,
				8235D1952F002D7700D48EB0 /* success1.m4a in Resources */,
			);
			runOnlyForDeploymentPostprocessing = 0;
		};
/* End PBXResourcesBuildPhase section */

/* Begin PBXSourcesBuildPhase section */
		823497A12EEB1F9000F82871 /* Sources */ = {
			isa = PBXSourcesBuildPhase;
			buildActionMask = 2147483647;
			files = (
				82A2EEF92EFC38F900437B4E /* CompletedLevelTableCell.swift in Sources */,
				829CADC92EFA8E5600548DB1 /* AlertTitleTableCell.swift in Sources */,
				823497FE2EEB67D300F82871 /* LevelModel.swift in Sources */,
				8260E2722EEDB5BD002E29C0 /* DifficultyViewController.swift in Sources */,
				823497EC2EEB590C00F82871 /* GameBuilderModel.swift in Sources */,
				8260E26E2EEDB53A002E29C0 /* LevelDescriptionViewController.swift in Sources */,
				82C637C72EEF41A10064F917 /* UpgradeWeaponCell.swift in Sources */,
				823497FB2EEB661900F82871 /* WeaponType.swift in Sources */,
				82C637C52EEF41920064F917 /* WeaponBuyCell.swift in Sources */,
				82C637DB2EEF4C360064F917 /* DataBaseService.swift in Sources */,
				823498022EEB6B8B00F82871 /* EnemyNode.swift in Sources */,
				823497CA2EEB1FAA00F82871 /* AppDelegate.swift in Sources */,
				82E165BA2F08C6720090859E /* AlertLevelProgressCell.swift in Sources */,
				829CADC32EFA8E0D00548DB1 /* AlertTableViewController.swift in Sources */,
				820675AD2F012DBC00A14FCF /* BaseViewController.swift in Sources */,
				826A32BF2EECEB01001D25B7 /* ButtonModel.swift in Sources */,
				823497F72EEB5DBA00F82871 /* EnemyType.swift in Sources */,
				8260E2702EEDB54A002E29C0 /* UpgradeWeaponViewController.swift in Sources */,
				823497F02EEB5A4900F82871 /* Difficulty.swift in Sources */,
				826584702F0454EF003EC450 /* BlockerModel.swift in Sources */,
				829CADCE2EFA901E00548DB1 /* AlertModel.swift in Sources */,
				829CADC72EFA8E3E00548DB1 /* AlertTitleCollectionCell.swift in Sources */,
				8234980C2EEB77B900F82871 /* BulletNode.swift in Sources */,
				8260E2812EEE50BD002E29C0 /* TableDataCell.swift in Sources */,
				8260E23D2EED37BF002E29C0 /* LevelListSuperViewController.swift in Sources */,
				8260E24E2EED43C5002E29C0 /* LevelPagesBuilder.swift in Sources */,
				8260E27E2EEE5039002E29C0 /* TableDataModel.swift in Sources */,
				827A7B1A2EF2297300A080C9 /* BuyCoinsCell.swift in Sources */,
				8235D1792EFFF62800D48EB0 /* AudioViewController.swift in Sources */,
				82C637D72EEF4B6C0064F917 /* KeychainService.swift in Sources */,
				823497CB2EEB1FAA00F82871 /* GameScene.swift in Sources */,
				8260E2412EED383E002E29C0 /* LevelViewController.swift in Sources */,
				82C637BE2EEF40100064F917 /* WeaponUpgradeType.swift in Sources */,
				826A32C12EECEB0E001D25B7 /* MessageModel.swift in Sources */,
				82C637C92EEF41AF0064F917 /* WeaponTypeCell.swift in Sources */,
				8260E23F2EED381A002E29C0 /* LevelsPageViewController.swift in Sources */,
				8289ABB42EF3D60300F78DD0 /* DestinationOutMaskedView.swift in Sources */,
				82C637D92EEF4B980064F917 /* Keys.swift in Sources */,
				8239D9472F0AC00C007C88E6 /* IcloudService.swift in Sources */,
				82C637CB2EEF4A2D0064F917 /* DataBaseModel.swift in Sources */,
				823497F52EEB5C0200F82871 /* LevelManager.swift in Sources */,
				829CADCB2EFA8E6800548DB1 /* AlertSegmentedTableCell.swift in Sources */,
				8265846E2F045366003EC450 /* EnemyRound.swift in Sources */,
				826A32C72EED05BF001D25B7 /* UIView.swift in Sources */,
				829CADC12EFA8DF500548DB1 /* AlertViewController.swift in Sources */,
				82C637C02EEF41420064F917 /* UserBalanceCell.swift in Sources */,
				82C637B12EEE57350064F917 /* BuyCoinsViewController.swift in Sources */,
				8265846C2F03D22E003EC450 /* AppearenceGameBuilderModel.swift in Sources */,
				82A2EEFC2EFCEB1900437B4E /* PageLevelTableCell.swift in Sources */,
				8235D1732EFFCED400D48EB0 /* AudioNodeContainer.swift in Sources */,
				823498082EEB729500F82871 /* PhysicsCategory.swift in Sources */,
				8289ABB62EF4F38700F78DD0 /* HomeViewController.swift in Sources */,
				823497F22EEB5AB400F82871 /* GameDurationType.swift in Sources */,
				8235D1702EFFA8D000D48EB0 /* AudioFileNameType.swift in Sources */,
				8234980A2EEB739F00F82871 /* WeaponNode.swift in Sources */,
				823497CC2EEB1FAA00F82871 /* GameViewController.swift in Sources */,
				829CADC52EFA8E1800548DB1 /* AlertCollectionViewController.swift in Sources */,
			);
			runOnlyForDeploymentPostprocessing = 0;
		};
/* End PBXSourcesBuildPhase section */

/* Begin PBXVariantGroup section */
		823497C62EEB1FAA00F82871 /* LaunchScreen.storyboard */ = {
			isa = PBXVariantGroup;
			children = (
				823497C52EEB1FAA00F82871 /* Base */,
			);
			name = LaunchScreen.storyboard;
			sourceTree = "<group>";
		};
		823497C82EEB1FAA00F82871 /* Main.storyboard */ = {
			isa = PBXVariantGroup;
			children = (
				823497C72EEB1FAA00F82871 /* Base */,
			);
			name = Main.storyboard;
			sourceTree = "<group>";
		};
/* End PBXVariantGroup section */

/* Begin XCBuildConfiguration section */
		823497BA2EEB1F9100F82871 /* Debug */ = {
			isa = XCBuildConfiguration;
			buildSettings = {
				ALWAYS_SEARCH_USER_PATHS = NO;
				ASSETCATALOG_COMPILER_GENERATE_SWIFT_ASSET_SYMBOL_EXTENSIONS = YES;
				CLANG_ANALYZER_NONNULL = YES;
				CLANG_ANALYZER_NUMBER_OBJECT_CONVERSION = YES_AGGRESSIVE;
				CLANG_CXX_LANGUAGE_STANDARD = "gnu++20";
				CLANG_ENABLE_MODULES = YES;
				CLANG_ENABLE_OBJC_ARC = YES;
				CLANG_ENABLE_OBJC_WEAK = YES;
				CLANG_WARN_BLOCK_CAPTURE_AUTORELEASING = YES;
				CLANG_WARN_BOOL_CONVERSION = YES;
				CLANG_WARN_COMMA = YES;
				CLANG_WARN_CONSTANT_CONVERSION = YES;
				CLANG_WARN_DEPRECATED_OBJC_IMPLEMENTATIONS = YES;
				CLANG_WARN_DIRECT_OBJC_ISA_USAGE = YES_ERROR;
				CLANG_WARN_DOCUMENTATION_COMMENTS = YES;
				CLANG_WARN_EMPTY_BODY = YES;
				CLANG_WARN_ENUM_CONVERSION = YES;
				CLANG_WARN_INFINITE_RECURSION = YES;
				CLANG_WARN_INT_CONVERSION = YES;
				CLANG_WARN_NON_LITERAL_NULL_CONVERSION = YES;
				CLANG_WARN_OBJC_IMPLICIT_RETAIN_SELF = YES;
				CLANG_WARN_OBJC_LITERAL_CONVERSION = YES;
				CLANG_WARN_OBJC_ROOT_CLASS = YES_ERROR;
				CLANG_WARN_QUOTED_INCLUDE_IN_FRAMEWORK_HEADER = YES;
				CLANG_WARN_RANGE_LOOP_ANALYSIS = YES;
				CLANG_WARN_STRICT_PROTOTYPES = YES;
				CLANG_WARN_SUSPICIOUS_MOVE = YES;
				CLANG_WARN_UNGUARDED_AVAILABILITY = YES_AGGRESSIVE;
				CLANG_WARN_UNREACHABLE_CODE = YES;
				CLANG_WARN__DUPLICATE_METHOD_MATCH = YES;
				COPY_PHASE_STRIP = NO;
				DEBUG_INFORMATION_FORMAT = dwarf;
				DEVELOPMENT_TEAM = FQA2XH9ZUM;
				ENABLE_STRICT_OBJC_MSGSEND = YES;
				ENABLE_TESTABILITY = YES;
				ENABLE_USER_SCRIPT_SANDBOXING = YES;
				GCC_C_LANGUAGE_STANDARD = gnu17;
				GCC_DYNAMIC_NO_PIC = NO;
				GCC_NO_COMMON_BLOCKS = YES;
				GCC_OPTIMIZATION_LEVEL = 0;
				GCC_PREPROCESSOR_DEFINITIONS = (
					"DEBUG=1",
					"$(inherited)",
				);
				GCC_WARN_64_TO_32_BIT_CONVERSION = YES;
				GCC_WARN_ABOUT_RETURN_TYPE = YES_ERROR;
				GCC_WARN_UNDECLARED_SELECTOR = YES;
				GCC_WARN_UNINITIALIZED_AUTOS = YES_AGGRESSIVE;
				GCC_WARN_UNUSED_FUNCTION = YES;
				GCC_WARN_UNUSED_VARIABLE = YES;
				IPHONEOS_DEPLOYMENT_TARGET = 26.0;
				LOCALIZATION_PREFERS_STRING_CATALOGS = YES;
				MTL_ENABLE_DEBUG_INFO = INCLUDE_SOURCE;
				MTL_FAST_MATH = YES;
				ONLY_ACTIVE_ARCH = YES;
				SDKROOT = iphoneos;
				SWIFT_ACTIVE_COMPILATION_CONDITIONS = "DEBUG $(inherited)";
				SWIFT_OPTIMIZATION_LEVEL = "-Onone";
			};
			name = Debug;
		};
		823497BB2EEB1F9100F82871 /* Release */ = {
			isa = XCBuildConfiguration;
			buildSettings = {
				ALWAYS_SEARCH_USER_PATHS = NO;
				ASSETCATALOG_COMPILER_GENERATE_SWIFT_ASSET_SYMBOL_EXTENSIONS = YES;
				CLANG_ANALYZER_NONNULL = YES;
				CLANG_ANALYZER_NUMBER_OBJECT_CONVERSION = YES_AGGRESSIVE;
				CLANG_CXX_LANGUAGE_STANDARD = "gnu++20";
				CLANG_ENABLE_MODULES = YES;
				CLANG_ENABLE_OBJC_ARC = YES;
				CLANG_ENABLE_OBJC_WEAK = YES;
				CLANG_WARN_BLOCK_CAPTURE_AUTORELEASING = YES;
				CLANG_WARN_BOOL_CONVERSION = YES;
				CLANG_WARN_COMMA = YES;
				CLANG_WARN_CONSTANT_CONVERSION = YES;
				CLANG_WARN_DEPRECATED_OBJC_IMPLEMENTATIONS = YES;
				CLANG_WARN_DIRECT_OBJC_ISA_USAGE = YES_ERROR;
				CLANG_WARN_DOCUMENTATION_COMMENTS = YES;
				CLANG_WARN_EMPTY_BODY = YES;
				CLANG_WARN_ENUM_CONVERSION = YES;
				CLANG_WARN_INFINITE_RECURSION = YES;
				CLANG_WARN_INT_CONVERSION = YES;
				CLANG_WARN_NON_LITERAL_NULL_CONVERSION = YES;
				CLANG_WARN_OBJC_IMPLICIT_RETAIN_SELF = YES;
				CLANG_WARN_OBJC_LITERAL_CONVERSION = YES;
				CLANG_WARN_OBJC_ROOT_CLASS = YES_ERROR;
				CLANG_WARN_QUOTED_INCLUDE_IN_FRAMEWORK_HEADER = YES;
				CLANG_WARN_RANGE_LOOP_ANALYSIS = YES;
				CLANG_WARN_STRICT_PROTOTYPES = YES;
				CLANG_WARN_SUSPICIOUS_MOVE = YES;
				CLANG_WARN_UNGUARDED_AVAILABILITY = YES_AGGRESSIVE;
				CLANG_WARN_UNREACHABLE_CODE = YES;
				CLANG_WARN__DUPLICATE_METHOD_MATCH = YES;
				COPY_PHASE_STRIP = NO;
				DEBUG_INFORMATION_FORMAT = "dwarf-with-dsym";
				DEVELOPMENT_TEAM = FQA2XH9ZUM;
				ENABLE_NS_ASSERTIONS = NO;
				ENABLE_STRICT_OBJC_MSGSEND = YES;
				ENABLE_USER_SCRIPT_SANDBOXING = YES;
				GCC_C_LANGUAGE_STANDARD = gnu17;
				GCC_NO_COMMON_BLOCKS = YES;
				GCC_WARN_64_TO_32_BIT_CONVERSION = YES;
				GCC_WARN_ABOUT_RETURN_TYPE = YES_ERROR;
				GCC_WARN_UNDECLARED_SELECTOR = YES;
				GCC_WARN_UNINITIALIZED_AUTOS = YES_AGGRESSIVE;
				GCC_WARN_UNUSED_FUNCTION = YES;
				GCC_WARN_UNUSED_VARIABLE = YES;
				IPHONEOS_DEPLOYMENT_TARGET = 26.0;
				LOCALIZATION_PREFERS_STRING_CATALOGS = YES;
				MTL_ENABLE_DEBUG_INFO = NO;
				MTL_FAST_MATH = YES;
				SDKROOT = iphoneos;
				SWIFT_COMPILATION_MODE = wholemodule;
				VALIDATE_PRODUCT = YES;
			};
			name = Release;
		};
		823497BD2EEB1F9100F82871 /* Debug */ = {
			isa = XCBuildConfiguration;
			buildSettings = {
				ASSETCATALOG_COMPILER_APPICON_NAME = AppIcon;
				ASSETCATALOG_COMPILER_GLOBAL_ACCENT_COLOR_NAME = AccentColor;
				CODE_SIGN_ENTITLEMENTS = Commander/Commander.entitlements;
				CODE_SIGN_STYLE = Automatic;
				CURRENT_PROJECT_VERSION = 1;
				DEVELOPMENT_TEAM = FQA2XH9ZUM;
				GENERATE_INFOPLIST_FILE = YES;
				INFOPLIST_FILE = Commander/Info.plist;
				INFOPLIST_KEY_CFBundleDisplayName = "Army defence";
				INFOPLIST_KEY_LSApplicationCategoryType = "public.app-category.strategy-games";
				INFOPLIST_KEY_UIApplicationSupportsIndirectInputEvents = YES;
				INFOPLIST_KEY_UILaunchStoryboardName = LaunchScreen;
				INFOPLIST_KEY_UIMainStoryboardFile = Main;
				INFOPLIST_KEY_UIStatusBarHidden = YES;
				INFOPLIST_KEY_UISupportedInterfaceOrientations = "UIInterfaceOrientationLandscapeLeft UIInterfaceOrientationLandscapeRight";
				INFOPLIST_KEY_UISupportedInterfaceOrientations_iPad = "UIInterfaceOrientationLandscapeLeft UIInterfaceOrientationLandscapeRight UIInterfaceOrientationPortrait UIInterfaceOrientationPortraitUpsideDown";
				IPHONEOS_DEPLOYMENT_TARGET = 12;
				LD_RUNPATH_SEARCH_PATHS = (
					"$(inherited)",
					"@executable_path/Frameworks",
				);
				MARKETING_VERSION = 1.0;
				PRODUCT_BUNDLE_IDENTIFIER = com.dovhiy.Commander;
				PRODUCT_NAME = "$(TARGET_NAME)";
				STRING_CATALOG_GENERATE_SYMBOLS = YES;
				SUPPORTED_PLATFORMS = "iphoneos iphonesimulator";
				SUPPORTS_MACCATALYST = NO;
				SWIFT_APPROACHABLE_CONCURRENCY = YES;
				SWIFT_DEFAULT_ACTOR_ISOLATION = MainActor;
				SWIFT_EMIT_LOC_STRINGS = YES;
				SWIFT_UPCOMING_FEATURE_MEMBER_IMPORT_VISIBILITY = YES;
				SWIFT_VERSION = 5.0;
				TARGETED_DEVICE_FAMILY = 1;
			};
			name = Debug;
		};
		823497BE2EEB1F9100F82871 /* Release */ = {
			isa = XCBuildConfiguration;
			buildSettings = {
				ASSETCATALOG_COMPILER_APPICON_NAME = AppIcon;
				ASSETCATALOG_COMPILER_GLOBAL_ACCENT_COLOR_NAME = AccentColor;
				CODE_SIGN_ENTITLEMENTS = Commander/Commander.entitlements;
				CODE_SIGN_STYLE = Automatic;
				CURRENT_PROJECT_VERSION = 1;
				DEVELOPMENT_TEAM = FQA2XH9ZUM;
				GENERATE_INFOPLIST_FILE = YES;
				INFOPLIST_FILE = Commander/Info.plist;
				INFOPLIST_KEY_CFBundleDisplayName = "Army defence";
				INFOPLIST_KEY_LSApplicationCategoryType = "public.app-category.strategy-games";
				INFOPLIST_KEY_UIApplicationSupportsIndirectInputEvents = YES;
				INFOPLIST_KEY_UILaunchStoryboardName = LaunchScreen;
				INFOPLIST_KEY_UIMainStoryboardFile = Main;
				INFOPLIST_KEY_UIStatusBarHidden = YES;
				INFOPLIST_KEY_UISupportedInterfaceOrientations = "UIInterfaceOrientationLandscapeLeft UIInterfaceOrientationLandscapeRight";
				INFOPLIST_KEY_UISupportedInterfaceOrientations_iPad = "UIInterfaceOrientationLandscapeLeft UIInterfaceOrientationLandscapeRight UIInterfaceOrientationPortrait UIInterfaceOrientationPortraitUpsideDown";
				IPHONEOS_DEPLOYMENT_TARGET = 12;
				LD_RUNPATH_SEARCH_PATHS = (
					"$(inherited)",
					"@executable_path/Frameworks",
				);
				MARKETING_VERSION = 1.0;
				PRODUCT_BUNDLE_IDENTIFIER = com.dovhiy.Commander;
				PRODUCT_NAME = "$(TARGET_NAME)";
				STRING_CATALOG_GENERATE_SYMBOLS = YES;
				SUPPORTED_PLATFORMS = "iphoneos iphonesimulator";
				SUPPORTS_MACCATALYST = NO;
				SWIFT_APPROACHABLE_CONCURRENCY = YES;
				SWIFT_DEFAULT_ACTOR_ISOLATION = MainActor;
				SWIFT_EMIT_LOC_STRINGS = YES;
				SWIFT_UPCOMING_FEATURE_MEMBER_IMPORT_VISIBILITY = YES;
				SWIFT_VERSION = 5.0;
				TARGETED_DEVICE_FAMILY = 1;
			};
			name = Release;
		};
/* End XCBuildConfiguration section */

/* Begin XCConfigurationList section */
		823497A02EEB1F9000F82871 /* Build configuration list for PBXProject "Commander" */ = {
			isa = XCConfigurationList;
			buildConfigurations = (
				823497BA2EEB1F9100F82871 /* Debug */,
				823497BB2EEB1F9100F82871 /* Release */,
			);
			defaultConfigurationIsVisible = 0;
			defaultConfigurationName = Release;
		};
		823497BC2EEB1F9100F82871 /* Build configuration list for PBXNativeTarget "Commander" */ = {
			isa = XCConfigurationList;
			buildConfigurations = (
				823497BD2EEB1F9100F82871 /* Debug */,
				823497BE2EEB1F9100F82871 /* Release */,
			);
			defaultConfigurationIsVisible = 0;
			defaultConfigurationName = Release;
		};
/* End XCConfigurationList section */
	};
	rootObject = 8234979D2EEB1F9000F82871 /* Project object */;
}
